# @generated - this file is auto-generated by `mise lock` https://mise.en.dev/dev-tools/mise-lock.html

[[tools."github:astral-sh/ruff"]]
version = "0.15.12"
backend = "github:astral-sh/ruff"

[tools."github:astral-sh/ruff"."platforms.linux-arm64"]
checksum = "sha256:4dcd4cd8beb525d04294eeab67d84d199cce2c44b66858978ca729b694fe29ff"
url = "https://github.com/astral-sh/ruff/releases/download/0.15.12/ruff-aarch64-unknown-linux-gnu.tar.gz"
url_api = "https://api.github.com/repos/astral-sh/ruff/releases/assets/404672624"

[tools."github:astral-sh/ruff"."platforms.linux-arm64-musl"]
checksum = "sha256:8996fe01814d00480c81da2b8ce9e8274f63eb07992318f082f7071772699635"
url = "https://github.com/astral-sh/ruff/releases/download/0.15.12/ruff-aarch64-unknown-linux-musl.tar.gz"
url_api = "https://api.github.com/repos/astral-sh/ruff/releases/assets/404672628"

[tools."github:astral-sh/ruff"."platforms.linux-x64"]
checksum = "sha256:5e26a7811f7db364864ace00cced53003556a37b63f3c987e340b18207776f1c"
url = "https://github.com/astral-sh/ruff/releases/download/0.15.12/ruff-x86_64-unknown-linux-gnu.tar.gz"
url_api = "https://api.github.com/repos/astral-sh/ruff/releases/assets/404672684"

[tools."github:astral-sh/ruff"."platforms.linux-x64-musl"]
checksum = "sha256:e0b074f722f87efe2e09de3a77820a012d1417ebabbd308cccdf6b98ba8d4bb3"
url = "https://github.com/astral-sh/ruff/releases/download/0.15.12/ruff-x86_64-unknown-linux-musl.tar.gz"
url_api = "https://api.github.com/repos/astral-sh/ruff/releases/assets/404672687"

[tools."github:astral-sh/ruff"."platforms.macos-arm64"]
checksum = "sha256:bd59107e125f9c9f64a75be13b6ff21bf7cbc61c4b9529bbb75c8184e3dd6c3c"
url = "https://github.com/astral-sh/ruff/releases/download/0.15.12/ruff-aarch64-apple-darwin.tar.gz"
url_api = "https://api.github.com/repos/astral-sh/ruff/releases/assets/404672619"

[tools."github:astral-sh/ruff"."platforms.macos-x64"]
checksum = "sha256:f88b6ad8338ad7acf83497e4bc2f2b5d3cac46c3e71363b7263c1bb9027c9b37"
url = "https://github.com/astral-sh/ruff/releases/download/0.15.12/ruff-x86_64-apple-darwin.tar.gz"
url_api = "https://api.github.com/repos/astral-sh/ruff/releases/assets/404672676"

[tools."github:astral-sh/ruff"."platforms.windows-x64"]
checksum = "sha256:d378033392042377491ef2541457af47cc4652c4e984639c95413b0c4876b0f1"
url = "https://github.com/astral-sh/ruff/releases/download/0.15.12/ruff-x86_64-pc-windows-msvc.zip"
url_api = "https://api.github.com/repos/astral-sh/ruff/releases/assets/404672680"

[[tools."github:checkmake/checkmake"]]
version = "v0.3.2"
backend = "github:checkmake/checkmake"

[tools."github:checkmake/checkmake"."platforms.linux-arm64"]
checksum = "sha256:409167c4abb99407bd232c3bbd351b8a39df57997feafde5a08bddffb0f2dcb4"
url = "https://github.com/checkmake/checkmake/releases/download/v0.3.2/checkmake-v0.3.2.linux.arm64"
url_api = "https://api.github.com/repos/checkmake/checkmake/releases/assets/338779065"

[tools."github:checkmake/checkmake"."platforms.linux-arm64-musl"]
checksum = "sha256:409167c4abb99407bd232c3bbd351b8a39df57997feafde5a08bddffb0f2dcb4"
url = "https://github.com/checkmake/checkmake/releases/download/v0.3.2/checkmake-v0.3.2.linux.arm64"
url_api = "https://api.github.com/repos/checkmake/checkmake/releases/assets/338779065"

[tools."github:checkmake/checkmake"."platforms.linux-x64"]
checksum = "sha256:e2effb876913f3ee2caef0ba35f6202c5e8a3cd55a077d8d2b9ce2034257b6af"
url = "https://github.com/checkmake/checkmake/releases/download/v0.3.2/checkmake-v0.3.2.linux.amd64"
url_api = "https://api.github.com/repos/checkmake/checkmake/releases/assets/338779060"

[tools."github:checkmake/checkmake"."platforms.linux-x64-musl"]
checksum = "sha256:e2effb876913f3ee2caef0ba35f6202c5e8a3cd55a077d8d2b9ce2034257b6af"
url = "https://github.com/checkmake/checkmake/releases/download/v0.3.2/checkmake-v0.3.2.linux.amd64"
url_api = "https://api.github.com/repos/checkmake/checkmake/releases/assets/338779060"

[tools."github:checkmake/checkmake"."platforms.macos-arm64"]
checksum = "sha256:d5dab7169d1cb246b380ed5e7fc1e6aded301d453db258f858e774422d25961f"
url = "https://github.com/checkmake/checkmake/releases/download/v0.3.2/checkmake-v0.3.2.darwin.arm64"
url_api = "https://api.github.com/repos/checkmake/checkmake/releases/assets/338779063"

[tools."github:checkmake/checkmake"."platforms.macos-x64"]
checksum = "sha256:82942043a4766b9fb3ffe6c77584df7d6c832bfa00571f234d257799f492fdd7"
url = "https://github.com/checkmake/checkmake/releases/download/v0.3.2/checkmake-v0.3.2.darwin.amd64"
url_api = "https://api.github.com/repos/checkmake/checkmake/releases/assets/338779062"

[tools."github:checkmake/checkmake"."platforms.windows-x64"]
checksum = "sha256:6adf4bde2dbfe8001ecf2918abfe02f7a57191568f1d185537eccd9c59625dca"
url = "https://github.com/checkmake/checkmake/releases/download/v0.3.2/checkmake-v0.3.2.windows.amd64.exe"
url_api = "https://api.github.com/repos/checkmake/checkmake/releases/assets/338779103"

[[tools."github:cli/cli"]]
version = "2.92.0"
backend = "github:cli/cli"

[tools."github:cli/cli"."platforms.linux-arm64"]
checksum = "sha256:c2248526dd0160c08d3fccca2332c3c1a07c15a78b23978e77735f1b5a18cfee"
url = "https://github.com/cli/cli/releases/download/v2.92.0/gh_2.92.0_linux_arm64.tar.gz"
url_api = "https://api.github.com/repos/cli/cli/releases/assets/407353515"

[tools."github:cli/cli"."platforms.linux-arm64-musl"]
checksum = "sha256:c2248526dd0160c08d3fccca2332c3c1a07c15a78b23978e77735f1b5a18cfee"
url = "https://github.com/cli/cli/releases/download/v2.92.0/gh_2.92.0_linux_arm64.tar.gz"
url_api = "https://api.github.com/repos/cli/cli/releases/assets/407353515"

[tools."github:cli/cli"."platforms.linux-x64"]
checksum = "sha256:b57848131bdf0c229cd35e1f2a51aa718199858b2e728410b37e89a428943ec4"
url = "https://github.com/cli/cli/releases/download/v2.92.0/gh_2.92.0_linux_amd64.tar.gz"
url_api = "https://api.github.com/repos/cli/cli/releases/assets/407353509"

[tools."github:cli/cli"."platforms.linux-x64-musl"]
checksum = "sha256:b57848131bdf0c229cd35e1f2a51aa718199858b2e728410b37e89a428943ec4"
url = "https://github.com/cli/cli/releases/download/v2.92.0/gh_2.92.0_linux_amd64.tar.gz"
url_api = "https://api.github.com/repos/cli/cli/releases/assets/407353509"

[tools."github:cli/cli"."platforms.macos-arm64"]
checksum = "sha256:b11c54f6bd7d15ed6590475079e5b2fcf36f45d3991a80041b29c9d0cc1f1d07"
url = "https://github.com/cli/cli/releases/download/v2.92.0/gh_2.92.0_macOS_arm64.zip"
url_api = "https://api.github.com/repos/cli/cli/releases/assets/407353533"

[tools."github:cli/cli"."platforms.macos-x64"]
checksum = "sha256:ae9bb327ab0d91071bdada79f8f14034a2a0f19b0e001835a782eafa519d2af0"
url = "https://github.com/cli/cli/releases/download/v2.92.0/gh_2.92.0_macOS_amd64.zip"
url_api = "https://api.github.com/repos/cli/cli/releases/assets/407353532"

[tools."github:cli/cli"."platforms.windows-x64"]
checksum = "sha256:b6a8df3c8c6b9c80f290906387673bc4d272840f3789c5650e0e4e6e75522785"
url = "https://github.com/cli/cli/releases/download/v2.92.0/gh_2.92.0_windows_amd64.zip"
url_api = "https://api.github.com/repos/cli/cli/releases/assets/407353546"

[[tools."github:dotenv-linter/dotenv-linter"]]
version = "4.0.0"
backend = "github:dotenv-linter/dotenv-linter"

[tools."github:dotenv-linter/dotenv-linter"."platforms.linux-arm64"]
checksum = "sha256:c4113aafd35e5f9095b2f757061d07cc8eb5cc0bcd755249877af08b7ffafb9a"
url = "https://github.com/dotenv-linter/dotenv-linter/releases/download/v4.0.0/dotenv-linter-linux-aarch64.tar.gz"
url_api = "https://api.github.com/repos/dotenv-linter/dotenv-linter/releases/assets/305835816"

[tools."github:dotenv-linter/dotenv-linter"."platforms.linux-arm64-musl"]
checksum = "sha256:c4113aafd35e5f9095b2f757061d07cc8eb5cc0bcd755249877af08b7ffafb9a"
url = "https://github.com/dotenv-linter/dotenv-linter/releases/download/v4.0.0/dotenv-linter-linux-aarch64.tar.gz"
url_api = "https://api.github.com/repos/dotenv-linter/dotenv-linter/releases/assets/305835816"

[tools."github:dotenv-linter/dotenv-linter"."platforms.linux-x64"]
checksum = "sha256:9e2f1f6eb88a71ac15ef209f78f5a68644db82f132d2677112b4f80ec2bd2127"
url = "https://github.com/dotenv-linter/dotenv-linter/releases/download/v4.0.0/dotenv-linter-linux-x86_64.tar.gz"
url_api = "https://api.github.com/repos/dotenv-linter/dotenv-linter/releases/assets/305835202"

[tools."github:dotenv-linter/dotenv-linter"."platforms.linux-x64-musl"]
checksum = "sha256:9e2f1f6eb88a71ac15ef209f78f5a68644db82f132d2677112b4f80ec2bd2127"
url = "https://github.com/dotenv-linter/dotenv-linter/releases/download/v4.0.0/dotenv-linter-linux-x86_64.tar.gz"
url_api = "https://api.github.com/repos/dotenv-linter/dotenv-linter/releases/assets/305835202"

[tools."github:dotenv-linter/dotenv-linter"."platforms.macos-arm64"]
checksum = "sha256:430ed45983cfc1d242cae959ec4b3b2df43fa1aff07d7750cc836d2f6479799a"
url = "https://github.com/dotenv-linter/dotenv-linter/releases/download/v4.0.0/dotenv-linter-darwin-arm64.tar.gz"
url_api = "https://api.github.com/repos/dotenv-linter/dotenv-linter/releases/assets/305835009"

[tools."github:dotenv-linter/dotenv-linter"."platforms.macos-x64"]
checksum = "sha256:143361bcd3c859cac0b16a6eaa51f3f69f270f17a55431e2e44d76722a7f0271"
url = "https://github.com/dotenv-linter/dotenv-linter/releases/download/v4.0.0/dotenv-linter-darwin-x86_64.tar.gz"
url_api = "https://api.github.com/repos/dotenv-linter/dotenv-linter/releases/assets/305835361"

[tools."github:dotenv-linter/dotenv-linter"."platforms.windows-x64"]
checksum = "sha256:771214659b86d2de5c8c5214e6d59484ceb0de8a87037d488ce37d6ca6f6cc1a"
url = "https://github.com/dotenv-linter/dotenv-linter/releases/download/v4.0.0/dotenv-linter-win-x64.zip"
url_api = "https://api.github.com/repos/dotenv-linter/dotenv-linter/releases/assets/305835598"

[[tools."github:editorconfig-checker/editorconfig-checker"]]
version = "3.6.1"
backend = "github:editorconfig-checker/editorconfig-checker"

[tools."github:editorconfig-checker/editorconfig-checker"."platforms.linux-arm64"]
checksum = "sha256:a471181b0741982afa4f3dbc1e433b6caa0c5e6daad580572841884fd9957220"
url = "https://github.com/editorconfig-checker/editorconfig-checker/releases/download/v3.6.1/ec-linux-arm64.tar.gz"
url_api = "https://api.github.com/repos/editorconfig-checker/editorconfig-checker/releases/assets/347316233"

[tools."github:editorconfig-checker/editorconfig-checker"."platforms.linux-arm64-musl"]
checksum = "sha256:a471181b0741982afa4f3dbc1e433b6caa0c5e6daad580572841884fd9957220"
url = "https://github.com/editorconfig-checker/editorconfig-checker/releases/download/v3.6.1/ec-linux-arm64.tar.gz"
url_api = "https://api.github.com/repos/editorconfig-checker/editorconfig-checker/releases/assets/347316233"

[tools."github:editorconfig-checker/editorconfig-checker"."platforms.linux-x64"]
checksum = "sha256:cd32084fce5f3d49ba49697f362ac3a114989715c98819303247dd54c1f368b0"
url = "https://github.com/editorconfig-checker/editorconfig-checker/releases/download/v3.6.1/ec-linux-amd64.tar.gz"
url_api = "https://api.github.com/repos/editorconfig-checker/editorconfig-checker/releases/assets/347316237"

[tools."github:editorconfig-checker/editorconfig-checker"."platforms.linux-x64-musl"]
checksum = "sha256:cd32084fce5f3d49ba49697f362ac3a114989715c98819303247dd54c1f368b0"
url = "https://github.com/editorconfig-checker/editorconfig-checker/releases/download/v3.6.1/ec-linux-amd64.tar.gz"
url_api = "https://api.github.com/repos/editorconfig-checker/editorconfig-checker/releases/assets/347316237"

[tools."github:editorconfig-checker/editorconfig-checker"."platforms.macos-arm64"]
checksum = "sha256:64f6006e4ae880ef140ac175f30b5b4cab72fa92b3708d9104006441fb7ed723"
url = "https://github.com/editorconfig-checker/editorconfig-checker/releases/download/v3.6.1/ec-darwin-arm64.tar.gz"
url_api = "https://api.github.com/repos/editorconfig-checker/editorconfig-checker/releases/assets/347316236"

[tools."github:editorconfig-checker/editorconfig-checker"."platforms.macos-x64"]
checksum = "sha256:6d7882e2f8a0884953f6bb8782b482ce8a6dd4ab2f25086a57046ef937f7625d"
url = "https://github.com/editorconfig-checker/editorconfig-checker/releases/download/v3.6.1/ec-darwin-amd64.tar.gz"
url_api = "https://api.github.com/repos/editorconfig-checker/editorconfig-checker/releases/assets/347316232"

[tools."github:editorconfig-checker/editorconfig-checker"."platforms.windows-x64"]
checksum = "sha256:cdd3899ebd60277b10e188c78915ea098a10a1a441a04e3ed2a5a99eb968a838"
url = "https://github.com/editorconfig-checker/editorconfig-checker/releases/download/v3.6.1/ec-windows-amd64.zip"
url_api = "https://api.github.com/repos/editorconfig-checker/editorconfig-checker/releases/assets/347316229"

[[tools."github:gitleaks/gitleaks"]]
version = "8.30.1"
backend = "github:gitleaks/gitleaks"

[tools."github:gitleaks/gitleaks"."platforms.linux-arm64"]
checksum = "sha256:e4a487ee7ccd7d3a7f7ec08657610aa3606637dab924210b3aee62570fb4b080"
url = "https://github.com/gitleaks/gitleaks/releases/download/v8.30.1/gitleaks_8.30.1_linux_arm64.tar.gz"
url_api = "https://api.github.com/repos/gitleaks/gitleaks/releases/assets/378332057"

[tools."github:gitleaks/gitleaks"."platforms.linux-arm64-musl"]
checksum = "sha256:e4a487ee7ccd7d3a7f7ec08657610aa3606637dab924210b3aee62570fb4b080"
url = "https://github.com/gitleaks/gitleaks/releases/download/v8.30.1/gitleaks_8.30.1_linux_arm64.tar.gz"
url_api = "https://api.github.com/repos/gitleaks/gitleaks/releases/assets/378332057"

[tools."github:gitleaks/gitleaks"."platforms.linux-x64"]
checksum = "sha256:551f6fc83ea457d62a0d98237cbad105af8d557003051f41f3e7ca7b3f2470eb"
url = "https://github.com/gitleaks/gitleaks/releases/download/v8.30.1/gitleaks_8.30.1_linux_x64.tar.gz"
url_api = "https://api.github.com/repos/gitleaks/gitleaks/releases/assets/378332058"

[tools."github:gitleaks/gitleaks"."platforms.linux-x64-musl"]
checksum = "sha256:551f6fc83ea457d62a0d98237cbad105af8d557003051f41f3e7ca7b3f2470eb"
url = "https://github.com/gitleaks/gitleaks/releases/download/v8.30.1/gitleaks_8.30.1_linux_x64.tar.gz"
url_api = "https://api.github.com/repos/gitleaks/gitleaks/releases/assets/378332058"

[tools."github:gitleaks/gitleaks"."platforms.macos-arm64"]
checksum = "sha256:b40ab0ae55c505963e365f271a8d3846efbc170aa17f2607f13df610a9aeb6a5"
url = "https://github.com/gitleaks/gitleaks/releases/download/v8.30.1/gitleaks_8.30.1_darwin_arm64.tar.gz"
url_api = "https://api.github.com/repos/gitleaks/gitleaks/releases/assets/378332059"

[tools."github:gitleaks/gitleaks"."platforms.macos-x64"]
checksum = "sha256:dfe101a4db2255fc85120ac7f3d25e4342c3c20cf749f2c20a18081af1952709"
url = "https://github.com/gitleaks/gitleaks/releases/download/v8.30.1/gitleaks_8.30.1_darwin_x64.tar.gz"
url_api = "https://api.github.com/repos/gitleaks/gitleaks/releases/assets/378332053"

[tools."github:gitleaks/gitleaks"."platforms.windows-x64"]
checksum = "sha256:d29144deff3a68aa93ced33dddf84b7fdc26070add4aa0f4513094c8332afc4e"
url = "https://github.com/gitleaks/gitleaks/releases/download/v8.30.1/gitleaks_8.30.1_windows_x64.zip"
url_api = "https://api.github.com/repos/gitleaks/gitleaks/releases/assets/378333178"

[[tools."github:google/addlicense"]]
version = "1.2.0"
backend = "github:google/addlicense"

[tools."github:google/addlicense"."platforms.linux-arm64"]
checksum = "sha256:b14dde867a6dbcd41fdf45096831bc0f6500bf0134693d38c56701e179f3f353"
url = "https://github.com/google/addlicense/releases/download/v1.2.0/addlicense_v1.2.0_Linux_arm64.tar.gz"
url_api = "https://api.github.com/repos/google/addlicense/releases/assets/282300422"

[tools."github:google/addlicense"."platforms.linux-arm64-musl"]
checksum = "sha256:b14dde867a6dbcd41fdf45096831bc0f6500bf0134693d38c56701e179f3f353"
url = "https://github.com/google/addlicense/releases/download/v1.2.0/addlicense_v1.2.0_Linux_arm64.tar.gz"
url_api = "https://api.github.com/repos/google/addlicense/releases/assets/282300422"

[tools."github:google/addlicense"."platforms.linux-x64"]
checksum = "sha256:6924296771234b1ba6c969e109b4459cff75e15b259676b61df874a92734b242"
url = "https://github.com/google/addlicense/releases/download/v1.2.0/addlicense_v1.2.0_Linux_x86_64.tar.gz"
url_api = "https://api.github.com/repos/google/addlicense/releases/assets/282300421"

[tools."github:google/addlicense"."platforms.linux-x64-musl"]
checksum = "sha256:6924296771234b1ba6c969e109b4459cff75e15b259676b61df874a92734b242"
url = "https://github.com/google/addlicense/releases/download/v1.2.0/addlicense_v1.2.0_Linux_x86_64.tar.gz"
url_api = "https://api.github.com/repos/google/addlicense/releases/assets/282300421"

[tools."github:google/addlicense"."platforms.macos-arm64"]
checksum = "sha256:0597305c619f7349748e830e38322dbe7d13cf86cf415b289c70f5cecbb4bf63"
url = "https://github.com/google/addlicense/releases/download/v1.2.0/addlicense_v1.2.0_macOS_arm64.tar.gz"
url_api = "https://api.github.com/repos/google/addlicense/releases/assets/282300420"

[tools."github:google/addlicense"."platforms.macos-x64"]
checksum = "sha256:335b47a28bab66e39494222f711c22b140d14d6f6d0a08ab9ea7c6f315588c83"
url = "https://github.com/google/addlicense/releases/download/v1.2.0/addlicense_v1.2.0_macOS_x86_64.tar.gz"
url_api = "https://api.github.com/repos/google/addlicense/releases/assets/282300427"

[tools."github:google/addlicense"."platforms.windows-x64"]
checksum = "sha256:fe4f4a54daa4a750ffa7d1b0da471d077ac24f09d04d7c1f307e7b7950969d25"
url = "https://github.com/google/addlicense/releases/download/v1.2.0/addlicense_v1.2.0_Windows_x86_64.zip"
url_api = "https://api.github.com/repos/google/addlicense/releases/assets/282300418"

[[tools."github:google/osv-scanner"]]
version = "2.3.5"
backend = "github:google/osv-scanner"

[tools."github:google/osv-scanner"."platforms.linux-arm64"]
checksum = "sha256:fa46ad2b3954db5d5335303d45de921613393285d9a93c140b63b40e35e9ce50"
url = "https://github.com/google/osv-scanner/releases/download/v2.3.5/osv-scanner_linux_arm64"
url_api = "https://api.github.com/repos/google/osv-scanner/releases/assets/380248755"

[tools."github:google/osv-scanner"."platforms.linux-arm64".provenance.slsa]
url = "https://github.com/google/osv-scanner/releases/download/v2.3.5/multiple.intoto.jsonl"

[tools."github:google/osv-scanner"."platforms.linux-arm64-musl"]
checksum = "sha256:fa46ad2b3954db5d5335303d45de921613393285d9a93c140b63b40e35e9ce50"
url = "https://github.com/google/osv-scanner/releases/download/v2.3.5/osv-scanner_linux_arm64"
url_api = "https://api.github.com/repos/google/osv-scanner/releases/assets/380248755"

[tools."github:google/osv-scanner"."platforms.linux-arm64-musl".provenance.slsa]
url = "https://github.com/google/osv-scanner/releases/download/v2.3.5/multiple.intoto.jsonl"

[tools."github:google/osv-scanner"."platforms.linux-x64"]
checksum = "sha256:bb30c580afe5e757d3e959f4afd08a4795ea505ef84c46962b9a738aa573b41b"
url = "https://github.com/google/osv-scanner/releases/download/v2.3.5/osv-scanner_linux_amd64"
url_api = "https://api.github.com/repos/google/osv-scanner/releases/assets/380248788"

[tools."github:google/osv-scanner"."platforms.linux-x64".provenance.slsa]
url = "https://github.com/google/osv-scanner/releases/download/v2.3.5/multiple.intoto.jsonl"

[tools."github:google/osv-scanner"."platforms.linux-x64-musl"]
checksum = "sha256:bb30c580afe5e757d3e959f4afd08a4795ea505ef84c46962b9a738aa573b41b"
url = "https://github.com/google/osv-scanner/releases/download/v2.3.5/osv-scanner_linux_amd64"
url_api = "https://api.github.com/repos/google/osv-scanner/releases/assets/380248788"

[tools."github:google/osv-scanner"."platforms.linux-x64-musl".provenance.slsa]
url = "https://github.com/google/osv-scanner/releases/download/v2.3.5/multiple.intoto.jsonl"

[tools."github:google/osv-scanner"."platforms.macos-arm64"]
checksum = "sha256:b740efe0b08fb817865e818a498997d5f042f14b8eeafb6393176ce84dd09cf6"
url = "https://github.com/google/osv-scanner/releases/download/v2.3.5/osv-scanner_darwin_arm64"
url_api = "https://api.github.com/repos/google/osv-scanner/releases/assets/380248752"

[tools."github:google/osv-scanner"."platforms.macos-arm64".provenance.slsa]
url = "https://github.com/google/osv-scanner/releases/download/v2.3.5/multiple.intoto.jsonl"

[tools."github:google/osv-scanner"."platforms.macos-x64"]
checksum = "sha256:3b1c72d59dcbad99fa4eb2c72bf2e82017f83e0268340e4b00af76a1fea32c85"
url = "https://github.com/google/osv-scanner/releases/download/v2.3.5/osv-scanner_darwin_amd64"
url_api = "https://api.github.com/repos/google/osv-scanner/releases/assets/380248790"

[tools."github:google/osv-scanner"."platforms.macos-x64".provenance.slsa]
url = "https://github.com/google/osv-scanner/releases/download/v2.3.5/multiple.intoto.jsonl"

[tools."github:google/osv-scanner"."platforms.windows-x64"]
checksum = "sha256:b165d33c08bda663119a459f5187e096d2525f888503495f5f34925741e981a2"
url = "https://github.com/google/osv-scanner/releases/download/v2.3.5/osv-scanner_windows_amd64.exe"
url_api = "https://api.github.com/repos/google/osv-scanner/releases/assets/380248754"

[tools."github:google/osv-scanner"."platforms.windows-x64".provenance.slsa]
url = "https://github.com/google/osv-scanner/releases/download/v2.3.5/multiple.intoto.jsonl"

[[tools."github:hadolint/hadolint"]]
version = "2.14.0"
backend = "github:hadolint/hadolint"

[tools."github:hadolint/hadolint"."platforms.linux-arm64"]
checksum = "sha256:331f1d3511b84a4f1e3d18d52fec284723e4019552f4f47b19322a53ce9a40ed"
url = "https://github.com/hadolint/hadolint/releases/download/v2.14.0/hadolint-linux-arm64"
url_api = "https://api.github.com/repos/hadolint/hadolint/releases/assets/295944081"

[tools."github:hadolint/hadolint"."platforms.linux-arm64-musl"]
checksum = "sha256:331f1d3511b84a4f1e3d18d52fec284723e4019552f4f47b19322a53ce9a40ed"
url = "https://github.com/hadolint/hadolint/releases/download/v2.14.0/hadolint-linux-arm64"
url_api = "https://api.github.com/repos/hadolint/hadolint/releases/assets/295944081"

[tools."github:hadolint/hadolint"."platforms.linux-x64"]
checksum = "sha256:6bf226944684f56c84dd014e8b979d27425c0148f61b3bd99bcc6f39e9dc5a47"
url = "https://github.com/hadolint/hadolint/releases/download/v2.14.0/hadolint-linux-x86_64"
url_api = "https://api.github.com/repos/hadolint/hadolint/releases/assets/295944080"

[tools."github:hadolint/hadolint"."platforms.linux-x64-musl"]
checksum = "sha256:6bf226944684f56c84dd014e8b979d27425c0148f61b3bd99bcc6f39e9dc5a47"
url = "https://github.com/hadolint/hadolint/releases/download/v2.14.0/hadolint-linux-x86_64"
url_api = "https://api.github.com/repos/hadolint/hadolint/releases/assets/295944080"

[tools."github:hadolint/hadolint"."platforms.macos-arm64"]
checksum = "sha256:3625e2e9f43dcfe7bd38738a5f5520ed50ce39ed28485266e6803dd7bc197b10"
url = "https://github.com/hadolint/hadolint/releases/download/v2.14.0/hadolint-macos-arm64"
url_api = "https://api.github.com/repos/hadolint/hadolint/releases/assets/295944077"

[tools."github:hadolint/hadolint"."platforms.macos-x64"]
checksum = "sha256:2b69a853433f1eca522ffb921cd490bd1321424d03331fd8390f93b7fb4a02e9"
url = "https://github.com/hadolint/hadolint/releases/download/v2.14.0/hadolint-macos-x86_64"
url_api = "https://api.github.com/repos/hadolint/hadolint/releases/assets/295944082"

[tools."github:hadolint/hadolint"."platforms.windows-x64"]
checksum = "sha256:8e0ee174f88edb14f207a68430c7a53c2883ed509cdbde9a3a26fffa140fa5e4"
url = "https://github.com/hadolint/hadolint/releases/download/v2.14.0/hadolint-windows-x86_64.exe"
url_api = "https://api.github.com/repos/hadolint/hadolint/releases/assets/295944079"

[[tools."github:koalaman/shellcheck"]]
version = "0.11.0"
backend = "github:koalaman/shellcheck"

[tools."github:koalaman/shellcheck"."platforms.linux-arm64"]
checksum = "sha256:68a8133197a50beb8803f8d42f9908d1af1c5540d4bb05fdfca8c1fa47decefc"
url = "https://github.com/koalaman/shellcheck/releases/download/v0.11.0/shellcheck-v0.11.0.linux.aarch64.tar.gz"
url_api = "https://api.github.com/repos/koalaman/shellcheck/releases/assets/336391401"

[tools."github:koalaman/shellcheck"."platforms.linux-arm64-musl"]
checksum = "sha256:68a8133197a50beb8803f8d42f9908d1af1c5540d4bb05fdfca8c1fa47decefc"
url = "https://github.com/koalaman/shellcheck/releases/download/v0.11.0/shellcheck-v0.11.0.linux.aarch64.tar.gz"
url_api = "https://api.github.com/repos/koalaman/shellcheck/releases/assets/336391401"

[tools."github:koalaman/shellcheck"."platforms.linux-x64"]
checksum = "sha256:b7af85e41cc99489dcc21d66c6d5f3685138f06d34651e6d34b42ec6d54fe6f6"
url = "https://github.com/koalaman/shellcheck/releases/download/v0.11.0/shellcheck-v0.11.0.linux.x86_64.tar.gz"
url_api = "https://api.github.com/repos/koalaman/shellcheck/releases/assets/336391469"

[tools."github:koalaman/shellcheck"."platforms.linux-x64-musl"]
checksum = "sha256:b7af85e41cc99489dcc21d66c6d5f3685138f06d34651e6d34b42ec6d54fe6f6"
url = "https://github.com/koalaman/shellcheck/releases/download/v0.11.0/shellcheck-v0.11.0.linux.x86_64.tar.gz"
url_api = "https://api.github.com/repos/koalaman/shellcheck/releases/assets/336391469"

[tools."github:koalaman/shellcheck"."platforms.macos-arm64"]
checksum = "sha256:339b930feb1ea764467013cc1f72d09cd6b869ebf1013296ba9055ab2ffbd26f"
url = "https://github.com/koalaman/shellcheck/releases/download/v0.11.0/shellcheck-v0.11.0.darwin.aarch64.tar.gz"
url_api = "https://api.github.com/repos/koalaman/shellcheck/releases/assets/336391359"

[tools."github:koalaman/shellcheck"."platforms.macos-x64"]
checksum = "sha256:c2c15e08df0e8fbc374c335b230a7ee958c313fa5714817a59aa59f1aa594f51"
url = "https://github.com/koalaman/shellcheck/releases/download/v0.11.0/shellcheck-v0.11.0.darwin.x86_64.tar.gz"
url_api = "https://api.github.com/repos/koalaman/shellcheck/releases/assets/336391375"

[tools."github:koalaman/shellcheck"."platforms.windows-x64"]
checksum = "sha256:8a4e35ab0b331c85d73567b12f2a444df187f483e5079ceffa6bda1faa2e740e"
url = "https://github.com/koalaman/shellcheck/releases/download/v0.11.0/shellcheck-v0.11.0.zip"
url_api = "https://api.github.com/repos/koalaman/shellcheck/releases/assets/279056944"

[[tools."github:mvdan/sh"]]
version = "3.13.1"
backend = "github:mvdan/sh"

[tools."github:mvdan/sh"."platforms.linux-arm64"]
checksum = "sha256:32d92acaa5cd8abb29fc49dac123dc412442d5713967819d8af2c29f1b3857c7"
url = "https://github.com/mvdan/sh/releases/download/v3.13.1/shfmt_v3.13.1_linux_arm64"
url_api = "https://api.github.com/repos/mvdan/sh/releases/assets/390322859"

[tools."github:mvdan/sh"."platforms.linux-arm64-musl"]
checksum = "sha256:32d92acaa5cd8abb29fc49dac123dc412442d5713967819d8af2c29f1b3857c7"
url = "https://github.com/mvdan/sh/releases/download/v3.13.1/shfmt_v3.13.1_linux_arm64"
url_api = "https://api.github.com/repos/mvdan/sh/releases/assets/390322859"

[tools."github:mvdan/sh"."platforms.linux-x64"]
checksum = "sha256:fb096c5d1ac6beabbdbaa2874d025badb03ee07929f0c9ff67563ce8c75398b1"
url = "https://github.com/mvdan/sh/releases/download/v3.13.1/shfmt_v3.13.1_linux_amd64"
url_api = "https://api.github.com/repos/mvdan/sh/releases/assets/390322866"

[tools."github:mvdan/sh"."platforms.linux-x64-musl"]
checksum = "sha256:fb096c5d1ac6beabbdbaa2874d025badb03ee07929f0c9ff67563ce8c75398b1"
url = "https://github.com/mvdan/sh/releases/download/v3.13.1/shfmt_v3.13.1_linux_amd64"
url_api = "https://api.github.com/repos/mvdan/sh/releases/assets/390322866"

[tools."github:mvdan/sh"."platforms.macos-arm64"]
checksum = "sha256:9680526be4a66ea1ffe988ed08af58e1400fe1e4f4aef5bd88b20bb9b3da33f8"
url = "https://github.com/mvdan/sh/releases/download/v3.13.1/shfmt_v3.13.1_darwin_arm64"
url_api = "https://api.github.com/repos/mvdan/sh/releases/assets/390322881"

[tools."github:mvdan/sh"."platforms.macos-x64"]
checksum = "sha256:6feedafc72915794163114f512348e2437d080d0047ef8b8fa2ec63b575f12af"
url = "https://github.com/mvdan/sh/releases/download/v3.13.1/shfmt_v3.13.1_darwin_amd64"
url_api = "https://api.github.com/repos/mvdan/sh/releases/assets/390322886"

[tools."github:mvdan/sh"."platforms.windows-x64"]
checksum = "sha256:60cd368533d0ad73fa86d93d5bbf95ef40587245ce684ed138c1b31557b5fe97"
url = "https://github.com/mvdan/sh/releases/download/v3.13.1/shfmt_v3.13.1_windows_amd64.exe"
url_api = "https://api.github.com/repos/mvdan/sh/releases/assets/390322844"

[[tools."github:rhysd/actionlint"]]
version = "1.7.12"
backend = "github:rhysd/actionlint"

[tools."github:rhysd/actionlint"."platforms.linux-arm64"]
checksum = "sha256:325e971b6ba9bfa504672e29be93c24981eeb1c07576d730e9f7c8805afff0c6"
url = "https://github.com/rhysd/actionlint/releases/download/v1.7.12/actionlint_1.7.12_linux_arm64.tar.gz"
url_api = "https://api.github.com/repos/rhysd/actionlint/releases/assets/384924897"

[tools."github:rhysd/actionlint"."platforms.linux-arm64-musl"]
checksum = "sha256:325e971b6ba9bfa504672e29be93c24981eeb1c07576d730e9f7c8805afff0c6"
url = "https://github.com/rhysd/actionlint/releases/download/v1.7.12/actionlint_1.7.12_linux_arm64.tar.gz"
url_api = "https://api.github.com/repos/rhysd/actionlint/releases/assets/384924897"

[tools."github:rhysd/actionlint"."platforms.linux-x64"]
checksum = "sha256:8aca8db96f1b94770f1b0d72b6dddcb1ebb8123cb3712530b08cc387b349a3d8"
url = "https://github.com/rhysd/actionlint/releases/download/v1.7.12/actionlint_1.7.12_linux_amd64.tar.gz"
url_api = "https://api.github.com/repos/rhysd/actionlint/releases/assets/384924896"

[tools."github:rhysd/actionlint"."platforms.linux-x64-musl"]
checksum = "sha256:8aca8db96f1b94770f1b0d72b6dddcb1ebb8123cb3712530b08cc387b349a3d8"
url = "https://github.com/rhysd/actionlint/releases/download/v1.7.12/actionlint_1.7.12_linux_amd64.tar.gz"
url_api = "https://api.github.com/repos/rhysd/actionlint/releases/assets/384924896"

[tools."github:rhysd/actionlint"."platforms.macos-arm64"]
checksum = "sha256:aba9ced2dee8d27fecca3dc7feb1a7f9a52caefa1eb46f3271ea66b6e0e6953f"
url = "https://github.com/rhysd/actionlint/releases/download/v1.7.12/actionlint_1.7.12_darwin_arm64.tar.gz"
url_api = "https://api.github.com/repos/rhysd/actionlint/releases/assets/384924893"

[tools."github:rhysd/actionlint"."platforms.macos-x64"]
checksum = "sha256:5b44c3bc2255115c9b69e30efc0fecdf498fdb63c5d58e17084fd5f16324c644"
url = "https://github.com/rhysd/actionlint/releases/download/v1.7.12/actionlint_1.7.12_darwin_amd64.tar.gz"
url_api = "https://api.github.com/repos/rhysd/actionlint/releases/assets/384924880"

[tools."github:rhysd/actionlint"."platforms.windows-x64"]
checksum = "sha256:6e7241b51e6817ea6a047693d8e6fed13b31819c9a0dd6c5a726e1592d22f6e9"
url = "https://github.com/rhysd/actionlint/releases/download/v1.7.12/actionlint_1.7.12_windows_amd64.zip"
url_api = "https://api.github.com/repos/rhysd/actionlint/releases/assets/384924919"

[[tools."github:zizmorcore/zizmor"]]
version = "1.24.1"
backend = "github:zizmorcore/zizmor"

[tools."github:zizmorcore/zizmor"."platforms.linux-arm64"]
checksum = "sha256:d66e37ef8a375fb07939c630ebf9709a6e0f20242bdc3faf672a7ed97e0b768d"
url = "https://github.com/zizmorcore/zizmor/releases/download/v1.24.1/zizmor-aarch64-unknown-linux-gnu.tar.gz"
url_api = "https://api.github.com/repos/zizmorcore/zizmor/releases/assets/395578623"

[tools."github:zizmorcore/zizmor"."platforms.linux-arm64-musl"]
checksum = "sha256:d66e37ef8a375fb07939c630ebf9709a6e0f20242bdc3faf672a7ed97e0b768d"
url = "https://github.com/zizmorcore/zizmor/releases/download/v1.24.1/zizmor-aarch64-unknown-linux-gnu.tar.gz"
url_api = "https://api.github.com/repos/zizmorcore/zizmor/releases/assets/395578623"

[tools."github:zizmorcore/zizmor"."platforms.linux-x64"]
checksum = "sha256:a8000f3c683319a523d3b20df0e75457ba591f049cfcbfa98966631b56733c03"
url = "https://github.com/zizmorcore/zizmor/releases/download/v1.24.1/zizmor-x86_64-unknown-linux-gnu.tar.gz"
url_api = "https://api.github.com/repos/zizmorcore/zizmor/releases/assets/395578625"

[tools."github:zizmorcore/zizmor"."platforms.linux-x64-musl"]
checksum = "sha256:a8000f3c683319a523d3b20df0e75457ba591f049cfcbfa98966631b56733c03"
url = "https://github.com/zizmorcore/zizmor/releases/download/v1.24.1/zizmor-x86_64-unknown-linux-gnu.tar.gz"
url_api = "https://api.github.com/repos/zizmorcore/zizmor/releases/assets/395578625"

[tools."github:zizmorcore/zizmor"."platforms.macos-arm64"]
checksum = "sha256:fc4ea59e18bc028dddb5f710b16dbc361b01ff1e7a20c03b8e5778366ca9f4e1"
url = "https://github.com/zizmorcore/zizmor/releases/download/v1.24.1/zizmor-aarch64-apple-darwin.tar.gz"
url_api = "https://api.github.com/repos/zizmorcore/zizmor/releases/assets/395578622"

[tools."github:zizmorcore/zizmor"."platforms.macos-x64"]
checksum = "sha256:721ba70d7fca753aeef1a4ee959a9bc20c55784d4faa6c56e66129a2611fd52f"
url = "https://github.com/zizmorcore/zizmor/releases/download/v1.24.1/zizmor-x86_64-apple-darwin.tar.gz"
url_api = "https://api.github.com/repos/zizmorcore/zizmor/releases/assets/395578621"

[tools."github:zizmorcore/zizmor"."platforms.windows-x64"]
checksum = "sha256:b777ec2cb1098139ba74b32e30d11ed149c69ab692d23788c466d4a31704bd4b"
url = "https://github.com/zizmorcore/zizmor/releases/download/v1.24.1/zizmor-x86_64-pc-windows-msvc.zip"
url_api = "https://api.github.com/repos/zizmorcore/zizmor/releases/assets/395578624"

[[tools.go]]
version = "1.26.2"
backend = "core:go"

[tools.go."platforms.linux-arm64"]
checksum = "sha256:c958a1fe1b361391db163a485e21f5f228142d6f8b584f6bef89b26f66dc5b23"
url = "https://dl.google.com/go/go1.26.2.linux-arm64.tar.gz"

[tools.go."platforms.linux-arm64-musl"]
checksum = "sha256:c958a1fe1b361391db163a485e21f5f228142d6f8b584f6bef89b26f66dc5b23"
url = "https://dl.google.com/go/go1.26.2.linux-arm64.tar.gz"

[tools.go."platforms.linux-x64"]
checksum = "sha256:990e6b4bbba816dc3ee129eaeaf4b42f17c2800b88a2166c265ac1a200262282"
url = "https://dl.google.com/go/go1.26.2.linux-amd64.tar.gz"

[tools.go."platforms.linux-x64-musl"]
checksum = "sha256:990e6b4bbba816dc3ee129eaeaf4b42f17c2800b88a2166c265ac1a200262282"
url = "https://dl.google.com/go/go1.26.2.linux-amd64.tar.gz"

[tools.go."platforms.macos-arm64"]
checksum = "sha256:32af1522bf3e3ff3975864780a429cc0b41d190ec7bf90faa661d6d64566e7af"
url = "https://dl.google.com/go/go1.26.2.darwin-arm64.tar.gz"

[tools.go."platforms.macos-x64"]
checksum = "sha256:bc3f1500d9968c36d705442d90ba91addf9271665033748b82532682e90a7966"
url = "https://dl.google.com/go/go1.26.2.darwin-amd64.tar.gz"

[tools.go."platforms.windows-x64"]
checksum = "sha256:98eb3570bade15cb826b0909338df6cc6d2cf590bc39c471142002db3832b708"
url = "https://dl.google.com/go/go1.26.2.windows-amd64.zip"

[[tools.node]]
version = "25.9.0"
backend = "core:node"

[tools.node."platforms.linux-arm64"]
checksum = "sha256:8fb4283301b8c720fc9f18bffff0f659e72cc14d0cf207a3bb411808aaa73a57"
url = "https://nodejs.org/dist/v25.9.0/node-v25.9.0-linux-arm64.tar.gz"

[tools.node."platforms.linux-arm64-musl"]
checksum = "sha256:97f6fe125faa51f84a7bb600d0cd7aefcfaaa0e75a5f49a7c61c3df91d12d535"
url = "https://unofficial-builds.nodejs.org/download/release/v25.9.0/node-v25.9.0-linux-arm64-musl.tar.gz"

[tools.node."platforms.linux-x64"]
checksum = "sha256:134e55b2408448a219760fe04dc44d6851f9de8a79549021ffd870e9082d9e7b"
url = "https://nodejs.org/dist/v25.9.0/node-v25.9.0-linux-x64.tar.gz"

[tools.node."platforms.linux-x64-musl"]
checksum = "sha256:1ac44af012be6bc17f1e3723edbf12897c0baeae5d1dc75b9f97d71413e4c8f5"
url = "https://unofficial-builds.nodejs.org/download/release/v25.9.0/node-v25.9.0-linux-x64-musl.tar.gz"

[tools.node."platforms.macos-arm64"]
checksum = "sha256:e479f3c469d3d9303a44f00a8ea37a3788395d171bb8059c48a4bbbd2e371b59"
url = "https://nodejs.org/dist/v25.9.0/node-v25.9.0-darwin-arm64.tar.gz"

[tools.node."platforms.macos-x64"]
checksum = "sha256:7d737b53ce191142bfa1c17cfa5b070d96e84eebf76b8dd06d84981cbdc3f7e3"
url = "https://nodejs.org/dist/v25.9.0/node-v25.9.0-darwin-x64.tar.gz"

[tools.node."platforms.windows-x64"]
checksum = "sha256:929552b8305effac843ba7b4270c437aefb702fc3fbd73fcd1bffd35d4ac284e"
url = "https://nodejs.org/dist/v25.9.0/node-v25.9.0-win-x64.zip"

[[tools."npm:@commitlint/cli"]]
version = "20.5.3"
backend = "npm:@commitlint/cli"

[[tools."npm:@commitlint/config-conventional"]]
version = "20.5.3"
backend = "npm:@commitlint/config-conventional"

[[tools."npm:@taplo/cli"]]
version = "0.7.0"
backend = "npm:@taplo/cli"

[[tools."npm:bats"]]
version = "1.13.0"
backend = "npm:bats"

[[tools."npm:commitizen"]]
version = "4.3.1"
backend = "npm:commitizen"

[[tools."npm:cz-conventional-changelog"]]
version = "3.3.0"
backend = "npm:cz-conventional-changelog"

[[tools."npm:dockerfile-utils"]]
version = "0.16.3"
backend = "npm:dockerfile-utils"

[[tools."npm:eslint"]]
version = "10.3.0"
backend = "npm:eslint"

[[tools."npm:markdownlint-cli2"]]
version = "0.22.1"
backend = "npm:markdownlint-cli2"

[[tools."npm:pnpm"]]
version = "11.0.4"
backend = "npm:pnpm"

[[tools."npm:prettier"]]
version = "3.8.3"
backend = "npm:prettier"

[[tools."npm:sort-package-json"]]
version = "3.6.1"
backend = "npm:sort-package-json"

[[tools."npm:stylelint"]]
version = "17.10.0"
backend = "npm:stylelint"

[[tools."pipx:clang-format"]]
version = "22.1.4"
backend = "pipx:clang-format"

[[tools."pipx:pre-commit"]]
version = "4.6.0"
backend = "pipx:pre-commit"

[[tools."pipx:yamllint"]]
version = "1.38.0"
backend = "pipx:yamllint"

[[tools.python]]
version = "3.14.4"
backend = "core:python"

[tools.python."platforms.linux-arm64"]
checksum = "sha256:b8b597fdb2f8dccdc502c11947b60a4b65eb6bce79cfa60c7ccf9b6e8352c60a"
url = "https://github.com/astral-sh/python-build-standalone/releases/download/20260414/cpython-3.14.4+20260414-aarch64-unknown-linux-gnu-install_only_stripped.tar.gz"

[tools.python."platforms.linux-arm64-musl"]
checksum = "sha256:a10687b226e0941632569836bc1d8fa6353a8e3e8424316467ca9cdf220b983d"
url = "https://github.com/astral-sh/python-build-standalone/releases/download/20260414/cpython-3.14.4+20260414-aarch64-unknown-linux-musl-install_only_stripped.tar.gz"

[tools.python."platforms.linux-x64"]
checksum = "sha256:fe9a9c32d13870af632cbac3dfc7528ae53597e94472aa4c7d6a42e8166136cd"
url = "https://github.com/astral-sh/python-build-standalone/releases/download/20260414/cpython-3.14.4+20260414-x86_64-unknown-linux-gnu-install_only_stripped.tar.gz"

[tools.python."platforms.linux-x64-musl"]
checksum = "sha256:d6005226cd24e780630626232c7a63243d4885fdf975dcf930a0758a0759ce14"
url = "https://github.com/astral-sh/python-build-standalone/releases/download/20260414/cpython-3.14.4+20260414-x86_64-unknown-linux-musl-install_only_stripped.tar.gz"

[tools.python."platforms.macos-arm64"]
checksum = "sha256:6f304f4ec30854611f23316578302235fb517cd970519ecdd11a8c4db87fd843"
url = "https://github.com/astral-sh/python-build-standalone/releases/download/20260414/cpython-3.14.4+20260414-aarch64-apple-darwin-install_only_stripped.tar.gz"

[tools.python."platforms.macos-x64"]
checksum = "sha256:d51250a32fa5d9f0799c7bcb71720c27b10a3afd4a7de288120f96085d508a5a"
url = "https://github.com/astral-sh/python-build-standalone/releases/download/20260414/cpython-3.14.4+20260414-x86_64-apple-darwin-install_only_stripped.tar.gz"

[tools.python."platforms.windows-x64"]
checksum = "sha256:a976991dcd085c1bb5d9a8084823a6bc8b7f9b079d8c432574a6ddd68c3a6fe1"
url = "https://github.com/astral-sh/python-build-standalone/releases/download/20260414/cpython-3.14.4+20260414-x86_64-pc-windows-msvc-install_only_stripped.tar.gz"
