# @generated - this file is auto-generated by `unirtm lock`
# Do not edit manually. See https://github.com/snowdreamtech/unirtm for details.

[[tools."github:anchore/syft"]]
version = "1.50.0"
backend = "github"

[tools."github:anchore/syft"."platforms.linux-amd64"]
checksum = "sha256:bf7b29ff57f06da30918266a0e1c2885a8f99784798d1bdb1628886aa015d788"
url = "https://github.com/anchore/syft/releases/download/v1.50.0/syft_1.50.0_linux_amd64.tar.gz"

[tools."github:anchore/syft"."platforms.linux-amd64-musl"]
checksum = "sha256:bf7b29ff57f06da30918266a0e1c2885a8f99784798d1bdb1628886aa015d788"
url = "https://github.com/anchore/syft/releases/download/v1.50.0/syft_1.50.0_linux_amd64.tar.gz"

[tools."github:anchore/syft"."platforms.linux-arm64"]
checksum = "sha256:887c57cbcc2d0e8c5c110a4571a3fc7150058b24d74f993ee4663516e5c8ce86"
url = "https://github.com/anchore/syft/releases/download/v1.50.0/syft_1.50.0_linux_arm64.tar.gz"

[tools."github:anchore/syft"."platforms.linux-arm64-musl"]
checksum = "sha256:887c57cbcc2d0e8c5c110a4571a3fc7150058b24d74f993ee4663516e5c8ce86"
url = "https://github.com/anchore/syft/releases/download/v1.50.0/syft_1.50.0_linux_arm64.tar.gz"

[tools."github:anchore/syft"."platforms.macos-amd64"]
checksum = "sha256:d11a8c7bc27114853bd7c1e1b2f3be3ddda3a1de17aee585329f04c369341c75"
url = "https://github.com/anchore/syft/releases/download/v1.50.0/syft_1.50.0_darwin_amd64.tar.gz"

[tools."github:anchore/syft"."platforms.macos-arm64"]
checksum = "sha256:e32fdb9d47823fa633748a1efca2528fd77c37469ea93c9e40ab835da44e4cce"
url = "https://github.com/anchore/syft/releases/download/v1.50.0/syft_1.50.0_darwin_arm64.tar.gz"

[tools."github:anchore/syft"."platforms.windows-amd64"]
checksum = "sha256:815ee6973ec5dff6a671d7f41b0e78835a8c45b91d5a39f4743ea1cee833d3be"
url = "https://github.com/anchore/syft/releases/download/v1.50.0/syft_1.50.0_windows_amd64.zip"

[tools."github:anchore/syft"."platforms.windows-arm64"]
checksum = "sha256:5eb435eb8750737d12e66f5a145975b4027adf20076b518079af38b2148d55a5"
url = "https://github.com/anchore/syft/releases/download/v1.50.0/syft_1.50.0_windows_arm64.zip"

[[tools."github:aquasecurity/trivy"]]
version = "0.70.0"
backend = "github"

[tools."github:aquasecurity/trivy"."platforms.linux-amd64"]
checksum = "sha256:8b4376d5d6befe5c24d503f10ff136d9e0c49f9127a4279fd110b727929a5aa9"
url = "https://github.com/aquasecurity/trivy/releases/download/v0.70.0/trivy_0.70.0_Linux-64bit.tar.gz"

[tools."github:aquasecurity/trivy"."platforms.linux-amd64-musl"]
checksum = "sha256:8b4376d5d6befe5c24d503f10ff136d9e0c49f9127a4279fd110b727929a5aa9"
url = "https://github.com/aquasecurity/trivy/releases/download/v0.70.0/trivy_0.70.0_Linux-64bit.tar.gz"

[tools."github:aquasecurity/trivy"."platforms.linux-arm64"]
checksum = "sha256:2f6bb988b553a1bbac6bdd1ce890f5e412439564e17522b88a4541b4f364fc8d"
url = "https://github.com/aquasecurity/trivy/releases/download/v0.70.0/trivy_0.70.0_Linux-ARM64.tar.gz"

[tools."github:aquasecurity/trivy"."platforms.linux-arm64-musl"]
checksum = "sha256:2f6bb988b553a1bbac6bdd1ce890f5e412439564e17522b88a4541b4f364fc8d"
url = "https://github.com/aquasecurity/trivy/releases/download/v0.70.0/trivy_0.70.0_Linux-ARM64.tar.gz"

[tools."github:aquasecurity/trivy"."platforms.macos-amd64"]
checksum = "sha256:52d531452b19e7593da29366007d02a810e1e0080d02f9cf6a1afb46c35aaa93"
url = "https://github.com/aquasecurity/trivy/releases/download/v0.70.0/trivy_0.70.0_macOS-64bit.tar.gz"

[tools."github:aquasecurity/trivy"."platforms.macos-arm64"]
checksum = "sha256:68e543c51dcc96e1c344053a4fde9660cf602c25565d9f09dc17dd41e13b838a"
url = "https://github.com/aquasecurity/trivy/releases/download/v0.70.0/trivy_0.70.0_macOS-ARM64.tar.gz"

[tools."github:aquasecurity/trivy"."platforms.windows-amd64"]
checksum = "sha256:eea5442eab86f9e26cd718d7618d43899e72a83767619e8bee47911bddbfb825"
url = "https://github.com/aquasecurity/trivy/releases/download/v0.70.0/trivy_0.70.0_windows-64bit.zip"

[[tools."github:astral-sh/ruff"]]
version = "0.15.12"
backend = "github"

[tools."github:astral-sh/ruff"."platforms.linux-amd64"]
url = "https://github.com/astral-sh/ruff/releases/download/0.15.12/ruff-x86_64-unknown-linux-gnu.tar.gz"

[tools."github:astral-sh/ruff"."platforms.linux-amd64-musl"]
url = "https://github.com/astral-sh/ruff/releases/download/0.15.12/ruff-x86_64-unknown-linux-gnu.tar.gz"

[tools."github:astral-sh/ruff"."platforms.linux-arm64"]
url = "https://github.com/astral-sh/ruff/releases/download/0.15.12/ruff-aarch64-unknown-linux-gnu.tar.gz"

[tools."github:astral-sh/ruff"."platforms.linux-arm64-musl"]
url = "https://github.com/astral-sh/ruff/releases/download/0.15.12/ruff-aarch64-unknown-linux-gnu.tar.gz"

[tools."github:astral-sh/ruff"."platforms.macos-amd64"]
url = "https://github.com/astral-sh/ruff/releases/download/0.15.12/ruff-x86_64-apple-darwin.tar.gz"

[tools."github:astral-sh/ruff"."platforms.macos-arm64"]
checksum = "sha256:bd59107e125f9c9f64a75be13b6ff21bf7cbc61c4b9529bbb75c8184e3dd6c3c"
url = "https://github.com/astral-sh/ruff/releases/download/0.15.12/ruff-aarch64-apple-darwin.tar.gz"

[tools."github:astral-sh/ruff"."platforms.windows-amd64"]
url = "https://github.com/astral-sh/ruff/releases/download/0.15.12/ruff-x86_64-pc-windows-msvc.zip"

[tools."github:astral-sh/ruff"."platforms.windows-arm64"]
url = "https://github.com/astral-sh/ruff/releases/download/0.15.12/ruff-aarch64-pc-windows-msvc.zip"

[[tools."github:checkmake/checkmake"]]
version = "v0.3.2"
backend = "github"

[tools."github:checkmake/checkmake"."platforms.linux-amd64"]
url = "https://github.com/checkmake/checkmake/releases/download/v0.3.2/checkmake-v0.3.2.linux.amd64"

[tools."github:checkmake/checkmake"."platforms.linux-amd64-musl"]
url = "https://github.com/checkmake/checkmake/releases/download/v0.3.2/checkmake-v0.3.2.linux.amd64"

[tools."github:checkmake/checkmake"."platforms.linux-arm64"]
url = "https://github.com/checkmake/checkmake/releases/download/v0.3.2/checkmake-v0.3.2.linux.arm64"

[tools."github:checkmake/checkmake"."platforms.linux-arm64-musl"]
url = "https://github.com/checkmake/checkmake/releases/download/v0.3.2/checkmake-v0.3.2.linux.arm64"

[tools."github:checkmake/checkmake"."platforms.macos-amd64"]
url = "https://github.com/checkmake/checkmake/releases/download/v0.3.2/checkmake-v0.3.2.darwin.amd64"

[tools."github:checkmake/checkmake"."platforms.macos-arm64"]
url = "https://github.com/checkmake/checkmake/releases/download/v0.3.2/checkmake-v0.3.2.darwin.arm64"

[tools."github:checkmake/checkmake"."platforms.windows-amd64"]
url = "https://github.com/checkmake/checkmake/releases/download/v0.3.2/checkmake-v0.3.2.windows.amd64.exe"

[tools."github:checkmake/checkmake"."platforms.windows-arm64"]
url = "https://github.com/checkmake/checkmake/releases/download/v0.3.2/checkmake-v0.3.2.windows.arm64.exe"

[[tools."github:cli/cli"]]
version = "2.97.0"
backend = "github"

[tools."github:cli/cli"."platforms.linux-amd64"]
checksum = "sha256:a2c9b8497e1f85b1ad0dfcb78b5a622e098801b8e461e459e88e1ee12f018112"
url = "https://github.com/cli/cli/releases/download/v2.97.0/gh_2.97.0_linux_amd64.tar.gz"

[tools."github:cli/cli"."platforms.linux-amd64-musl"]
checksum = "sha256:a2c9b8497e1f85b1ad0dfcb78b5a622e098801b8e461e459e88e1ee12f018112"
url = "https://github.com/cli/cli/releases/download/v2.97.0/gh_2.97.0_linux_amd64.tar.gz"

[tools."github:cli/cli"."platforms.linux-arm64"]
checksum = "sha256:73ea440ecad9c9e284429997ee6f93577bc6f7bc6fba357ef62c53ad8fb641a5"
url = "https://github.com/cli/cli/releases/download/v2.97.0/gh_2.97.0_linux_arm64.tar.gz"

[tools."github:cli/cli"."platforms.linux-arm64-musl"]
checksum = "sha256:73ea440ecad9c9e284429997ee6f93577bc6f7bc6fba357ef62c53ad8fb641a5"
url = "https://github.com/cli/cli/releases/download/v2.97.0/gh_2.97.0_linux_arm64.tar.gz"

[tools."github:cli/cli"."platforms.macos-amd64"]
checksum = "sha256:63298c998cc2a924c9e254c6af6a1caad6ece281122687a91f079bc0a462700e"
url = "https://github.com/cli/cli/releases/download/v2.97.0/gh_2.97.0_macOS_amd64.zip"

[tools."github:cli/cli"."platforms.macos-arm64"]
checksum = "sha256:a58b8fd77b417a38f47a0b54d1370c59b0fcdb324ccc9ca002b0998f7c4c999e"
url = "https://github.com/cli/cli/releases/download/v2.97.0/gh_2.97.0_macOS_arm64.zip"

[tools."github:cli/cli"."platforms.windows-amd64"]
checksum = "sha256:35d7fe05c4dd1411ffda1e73dfc7c6f44b75c936ca51fa6595c657fdc0350cec"
url = "https://github.com/cli/cli/releases/download/v2.97.0/gh_2.97.0_windows_amd64.zip"

[tools."github:cli/cli"."platforms.windows-arm64"]
checksum = "sha256:3e2d4a166da4ee5020c592737b65eec0e724946d5d5b962f5fe59d99116dc4bf"
url = "https://github.com/cli/cli/releases/download/v2.97.0/gh_2.97.0_windows_arm64.zip"

[[tools."github:dotenv-linter/dotenv-linter"]]
version = "4.0.0"
backend = "github"

[tools."github:dotenv-linter/dotenv-linter"."platforms.linux-amd64"]
url = "https://github.com/dotenv-linter/dotenv-linter/releases/download/v4.0.0/dotenv-linter-linux-x86_64.tar.gz"

[tools."github:dotenv-linter/dotenv-linter"."platforms.linux-amd64-musl"]
url = "https://github.com/dotenv-linter/dotenv-linter/releases/download/v4.0.0/dotenv-linter-linux-x86_64.tar.gz"

[tools."github:dotenv-linter/dotenv-linter"."platforms.linux-arm64"]
url = "https://github.com/dotenv-linter/dotenv-linter/releases/download/v4.0.0/dotenv-linter-linux-aarch64.tar.gz"

[tools."github:dotenv-linter/dotenv-linter"."platforms.linux-arm64-musl"]
url = "https://github.com/dotenv-linter/dotenv-linter/releases/download/v4.0.0/dotenv-linter-linux-aarch64.tar.gz"

[tools."github:dotenv-linter/dotenv-linter"."platforms.macos-amd64"]
url = "https://github.com/dotenv-linter/dotenv-linter/releases/download/v4.0.0/dotenv-linter-darwin-x86_64.tar.gz"

[tools."github:dotenv-linter/dotenv-linter"."platforms.macos-arm64"]
url = "https://github.com/dotenv-linter/dotenv-linter/releases/download/v4.0.0/dotenv-linter-darwin-arm64.tar.gz"

[tools."github:dotenv-linter/dotenv-linter"."platforms.windows-amd64"]
url = "https://github.com/dotenv-linter/dotenv-linter/releases/download/v4.0.0/dotenv-linter-win-x64.zip"

[tools."github:dotenv-linter/dotenv-linter"."platforms.windows-arm64"]
url = "https://github.com/dotenv-linter/dotenv-linter/releases/download/v4.0.0/dotenv-linter-win-aarch64.zip"

[[tools."github:editorconfig-checker/editorconfig-checker"]]
version = "3.7.0"
backend = "github"

[tools."github:editorconfig-checker/editorconfig-checker"."platforms.linux-amd64"]
checksum = "sha256:4b0eeb52a1b337cdd6d23a38dd0b1d9d4fc8e66840939819af32ae8388770fb4"
url = "https://github.com/editorconfig-checker/editorconfig-checker/releases/download/v3.7.0/editorconfig-checker-linux-amd64.tar.gz"

[tools."github:editorconfig-checker/editorconfig-checker"."platforms.linux-amd64-musl"]
checksum = "sha256:4b0eeb52a1b337cdd6d23a38dd0b1d9d4fc8e66840939819af32ae8388770fb4"
url = "https://github.com/editorconfig-checker/editorconfig-checker/releases/download/v3.7.0/editorconfig-checker-linux-amd64.tar.gz"

[tools."github:editorconfig-checker/editorconfig-checker"."platforms.linux-arm64"]
checksum = "sha256:8c29f86796192439beea1ccbe91df9d6fc4eaab23d50486b6a0d36dc40ad3660"
url = "https://github.com/editorconfig-checker/editorconfig-checker/releases/download/v3.7.0/editorconfig-checker-linux-arm64.tar.gz"

[tools."github:editorconfig-checker/editorconfig-checker"."platforms.linux-arm64-musl"]
checksum = "sha256:8c29f86796192439beea1ccbe91df9d6fc4eaab23d50486b6a0d36dc40ad3660"
url = "https://github.com/editorconfig-checker/editorconfig-checker/releases/download/v3.7.0/editorconfig-checker-linux-arm64.tar.gz"

[tools."github:editorconfig-checker/editorconfig-checker"."platforms.macos-amd64"]
checksum = "sha256:6cd2e4aa2a374d391e3baeaae43fc28906fd15b09490f5669eee206a63eef00a"
url = "https://github.com/editorconfig-checker/editorconfig-checker/releases/download/v3.7.0/ec-darwin-amd64.tar.gz"

[tools."github:editorconfig-checker/editorconfig-checker"."platforms.macos-arm64"]
checksum = "sha256:727e6ef506c6fbe7719cc29c69b495715b64514a00059f3f179077bfad0580e5"
url = "https://github.com/editorconfig-checker/editorconfig-checker/releases/download/v3.7.0/ec-darwin-arm64.tar.gz"

[tools."github:editorconfig-checker/editorconfig-checker"."platforms.windows-amd64"]
checksum = "sha256:497628bc3492645b018b16311f3f1164a058d1325ba57d03ad0863641c61994d"
url = "https://github.com/editorconfig-checker/editorconfig-checker/releases/download/v3.7.0/editorconfig-checker-windows-amd64.tar.gz"

[tools."github:editorconfig-checker/editorconfig-checker"."platforms.windows-arm64"]
checksum = "sha256:b12dff5382bb871298ac88a2ad3b86cab159afd9f73dcf51020ef69f2ca675ec"
url = "https://github.com/editorconfig-checker/editorconfig-checker/releases/download/v3.7.0/editorconfig-checker-windows-arm64.tar.gz"

[[tools."github:gitleaks/gitleaks"]]
version = "8.30.1"
backend = "github"

[tools."github:gitleaks/gitleaks"."platforms.linux-amd64"]
checksum = "sha256:551f6fc83ea457d62a0d98237cbad105af8d557003051f41f3e7ca7b3f2470eb"
url = "https://github.com/gitleaks/gitleaks/releases/download/v8.30.1/gitleaks_8.30.1_linux_x64.tar.gz"

[tools."github:gitleaks/gitleaks"."platforms.linux-amd64-musl"]
checksum = "sha256:551f6fc83ea457d62a0d98237cbad105af8d557003051f41f3e7ca7b3f2470eb"
url = "https://github.com/gitleaks/gitleaks/releases/download/v8.30.1/gitleaks_8.30.1_linux_x64.tar.gz"

[tools."github:gitleaks/gitleaks"."platforms.linux-arm64"]
checksum = "sha256:e4a487ee7ccd7d3a7f7ec08657610aa3606637dab924210b3aee62570fb4b080"
url = "https://github.com/gitleaks/gitleaks/releases/download/v8.30.1/gitleaks_8.30.1_linux_arm64.tar.gz"

[tools."github:gitleaks/gitleaks"."platforms.linux-arm64-musl"]
checksum = "sha256:e4a487ee7ccd7d3a7f7ec08657610aa3606637dab924210b3aee62570fb4b080"
url = "https://github.com/gitleaks/gitleaks/releases/download/v8.30.1/gitleaks_8.30.1_linux_arm64.tar.gz"

[tools."github:gitleaks/gitleaks"."platforms.macos-amd64"]
checksum = "sha256:dfe101a4db2255fc85120ac7f3d25e4342c3c20cf749f2c20a18081af1952709"
url = "https://github.com/gitleaks/gitleaks/releases/download/v8.30.1/gitleaks_8.30.1_darwin_x64.tar.gz"

[tools."github:gitleaks/gitleaks"."platforms.macos-arm64"]
checksum = "sha256:b40ab0ae55c505963e365f271a8d3846efbc170aa17f2607f13df610a9aeb6a5"
url = "https://github.com/gitleaks/gitleaks/releases/download/v8.30.1/gitleaks_8.30.1_darwin_arm64.tar.gz"

[tools."github:gitleaks/gitleaks"."platforms.windows-amd64"]
checksum = "sha256:d29144deff3a68aa93ced33dddf84b7fdc26070add4aa0f4513094c8332afc4e"
url = "https://github.com/gitleaks/gitleaks/releases/download/v8.30.1/gitleaks_8.30.1_windows_x64.zip"

[tools."github:gitleaks/gitleaks"."platforms.windows-arm64"]
checksum = "sha256:b95f5e4f5c425cedca7ee203d9afd29597e692c4924a12ed42f970537c72cc0f"
url = "https://github.com/gitleaks/gitleaks/releases/download/v8.30.1/gitleaks_8.30.1_windows_arm64.zip"

[[tools."github:google/osv-scanner"]]
version = "2.3.8"
backend = "github"

[tools."github:google/osv-scanner"."platforms.linux-amd64"]
checksum = "sha256:bc98e15319ed0d515e3f9235287ba53cdc5535d576d24fd573978ecfe9ab92dc"
url = "https://github.com/google/osv-scanner/releases/download/v2.3.8/osv-scanner_linux_amd64"

[tools."github:google/osv-scanner"."platforms.linux-amd64-musl"]
checksum = "sha256:bc98e15319ed0d515e3f9235287ba53cdc5535d576d24fd573978ecfe9ab92dc"
url = "https://github.com/google/osv-scanner/releases/download/v2.3.8/osv-scanner_linux_amd64"

[tools."github:google/osv-scanner"."platforms.linux-arm64"]
checksum = "sha256:8158b18edd2d03b1a30d905ca91b032bc62262167be8f206c27114f08823e27c"
url = "https://github.com/google/osv-scanner/releases/download/v2.3.8/osv-scanner_linux_arm64"

[tools."github:google/osv-scanner"."platforms.linux-arm64-musl"]
checksum = "sha256:8158b18edd2d03b1a30d905ca91b032bc62262167be8f206c27114f08823e27c"
url = "https://github.com/google/osv-scanner/releases/download/v2.3.8/osv-scanner_linux_arm64"

[tools."github:google/osv-scanner"."platforms.macos-amd64"]
checksum = "sha256:b8a80a9f14ca4c0cd0fc2d351b28f740da9e6a5b18385ac9f9d083360b5b504e"
url = "https://github.com/google/osv-scanner/releases/download/v2.3.8/osv-scanner_darwin_amd64"

[tools."github:google/osv-scanner"."platforms.macos-arm64"]
checksum = "sha256:a8cd6507b06239f463a7642430cfd2d154882f150f6e30cdc0653e28dfc34216"
url = "https://github.com/google/osv-scanner/releases/download/v2.3.8/osv-scanner_darwin_arm64"

[tools."github:google/osv-scanner"."platforms.windows-amd64"]
checksum = "sha256:cb04e79dd9698a7bc821bbfdddec916a416d1409fda79c927c509d37d00c9716"
url = "https://github.com/google/osv-scanner/releases/download/v2.3.8/osv-scanner_windows_amd64.exe"

[tools."github:google/osv-scanner"."platforms.windows-arm64"]
checksum = "sha256:285d1fbcf2c69ab5ee38ae3a850ab46e83f32ef1cd5f3c4c9eb161cc493f6d52"
url = "https://github.com/google/osv-scanner/releases/download/v2.3.8/osv-scanner_windows_arm64.exe"

[[tools."github:goreleaser/goreleaser"]]
version = "2.17.1"
backend = "github"

[tools."github:goreleaser/goreleaser"."platforms.linux-amd64"]
checksum = "sha256:a99bbc7ae0d8d897b07c4c497a9b62f222558804715ef219d1af05a7e417bc80"
url = "https://github.com/goreleaser/goreleaser/releases/download/v2.17.1/goreleaser_Linux_x86_64.tar.gz"

[tools."github:goreleaser/goreleaser"."platforms.linux-amd64-musl"]
checksum = "sha256:a99bbc7ae0d8d897b07c4c497a9b62f222558804715ef219d1af05a7e417bc80"
url = "https://github.com/goreleaser/goreleaser/releases/download/v2.17.1/goreleaser_Linux_x86_64.tar.gz"

[tools."github:goreleaser/goreleaser"."platforms.linux-arm64"]
checksum = "sha256:702f03769ac8bcb0e47839c82243cc614ae995633599a98c63062e13ea85f829"
url = "https://github.com/goreleaser/goreleaser/releases/download/v2.17.1/goreleaser_Linux_arm64.tar.gz"

[tools."github:goreleaser/goreleaser"."platforms.linux-arm64-musl"]
checksum = "sha256:702f03769ac8bcb0e47839c82243cc614ae995633599a98c63062e13ea85f829"
url = "https://github.com/goreleaser/goreleaser/releases/download/v2.17.1/goreleaser_Linux_arm64.tar.gz"

[tools."github:goreleaser/goreleaser"."platforms.macos-amd64"]
checksum = "sha256:a92a68c61a6833ff67748f532cbebc7b8e49ba30de062ab463b221211ee6368f"
url = "https://github.com/goreleaser/goreleaser/releases/download/v2.17.1/goreleaser_Darwin_x86_64.tar.gz"

[tools."github:goreleaser/goreleaser"."platforms.macos-arm64"]
checksum = "sha256:b65624885c25da9a677b7ad11cf86a02123cc5a56af66f6b4ebb574658eada2e"
url = "https://github.com/goreleaser/goreleaser/releases/download/v2.17.1/goreleaser_Darwin_arm64.tar.gz"

[tools."github:goreleaser/goreleaser"."platforms.windows-amd64"]
checksum = "sha256:53314ce7cc16c3229f2d3b98a932c1618c427964eb2170a1efafbdfa862a556f"
url = "https://github.com/goreleaser/goreleaser/releases/download/v2.17.1/goreleaser_Windows_x86_64.zip"

[tools."github:goreleaser/goreleaser"."platforms.windows-arm64"]
checksum = "sha256:6eec917c98df13ba83b8bb9c261e017df2d1d5b08e525442b5918325627fdf91"
url = "https://github.com/goreleaser/goreleaser/releases/download/v2.17.1/goreleaser_Windows_arm64.zip"

[[tools."github:hadolint/hadolint"]]
version = "2.15.1"
backend = "github"

[tools."github:hadolint/hadolint"."platforms.linux-amd64"]
checksum = "sha256:c7187db94eeeeca956519a6af171adc31453941a1e777961f6e680f697c8c507"
url = "https://github.com/hadolint/hadolint/releases/download/v2.15.1/hadolint-linux-x86_64"

[tools."github:hadolint/hadolint"."platforms.linux-amd64-musl"]
checksum = "sha256:c7187db94eeeeca956519a6af171adc31453941a1e777961f6e680f697c8c507"
url = "https://github.com/hadolint/hadolint/releases/download/v2.15.1/hadolint-linux-x86_64"

[tools."github:hadolint/hadolint"."platforms.linux-arm64"]
checksum = "sha256:f6198ef8090f404dbb771abfee086eb8c48ac177f30da7fd3510aca35b344b5d"
url = "https://github.com/hadolint/hadolint/releases/download/v2.15.1/hadolint-linux-arm64"

[tools."github:hadolint/hadolint"."platforms.linux-arm64-musl"]
checksum = "sha256:f6198ef8090f404dbb771abfee086eb8c48ac177f30da7fd3510aca35b344b5d"
url = "https://github.com/hadolint/hadolint/releases/download/v2.15.1/hadolint-linux-arm64"

[tools."github:hadolint/hadolint"."platforms.macos-amd64"]
checksum = "sha256:ffe9bb18b23d5ed1eae50237aecdbb523d016e96da0bd4e7aa432040acfc3fde"
url = "https://github.com/hadolint/hadolint/releases/download/v2.15.1/hadolint-macos-x86_64"

[tools."github:hadolint/hadolint"."platforms.macos-arm64"]
checksum = "sha256:5c09f3213f8e40406abe048233d985eebef336d4a6a20021be47fadb6cf480a2"
url = "https://github.com/hadolint/hadolint/releases/download/v2.15.1/hadolint-macos-arm64"

[tools."github:hadolint/hadolint"."platforms.windows-amd64"]
checksum = "sha256:01d927294962b5387f9ead4f18679158452be4f17c765ad0bdffe5264b9c7b0a"
url = "https://github.com/hadolint/hadolint/releases/download/v2.15.1/hadolint-windows-x86_64.exe"

[[tools."github:koalaman/shellcheck"]]
version = "0.11.0"
backend = "github"

[tools."github:koalaman/shellcheck"."platforms.linux-amd64"]
url = "https://github.com/koalaman/shellcheck/releases/download/v0.11.0/shellcheck-v0.11.0.linux.x86_64.tar.gz"

[tools."github:koalaman/shellcheck"."platforms.linux-amd64-musl"]
url = "https://github.com/koalaman/shellcheck/releases/download/v0.11.0/shellcheck-v0.11.0.linux.x86_64.tar.gz"

[tools."github:koalaman/shellcheck"."platforms.linux-arm64"]
url = "https://github.com/koalaman/shellcheck/releases/download/v0.11.0/shellcheck-v0.11.0.linux.aarch64.tar.gz"

[tools."github:koalaman/shellcheck"."platforms.linux-arm64-musl"]
url = "https://github.com/koalaman/shellcheck/releases/download/v0.11.0/shellcheck-v0.11.0.linux.aarch64.tar.gz"

[tools."github:koalaman/shellcheck"."platforms.macos-amd64"]
url = "https://github.com/koalaman/shellcheck/releases/download/v0.11.0/shellcheck-v0.11.0.darwin.x86_64.tar.gz"

[tools."github:koalaman/shellcheck"."platforms.macos-arm64"]
url = "https://github.com/koalaman/shellcheck/releases/download/v0.11.0/shellcheck-v0.11.0.darwin.aarch64.tar.gz"

[tools."github:koalaman/shellcheck"."platforms.windows-amd64"]
url = "https://github.com/koalaman/shellcheck/releases/download/v0.11.0/shellcheck-v0.11.0.zip"

[[tools."github:rhysd/actionlint"]]
version = "1.7.12"
backend = "github"

[tools."github:rhysd/actionlint"."platforms.linux-amd64"]
checksum = "sha256:8aca8db96f1b94770f1b0d72b6dddcb1ebb8123cb3712530b08cc387b349a3d8"
url = "https://github.com/rhysd/actionlint/releases/download/v1.7.12/actionlint_1.7.12_linux_amd64.tar.gz"

[tools."github:rhysd/actionlint"."platforms.linux-amd64-musl"]
checksum = "sha256:8aca8db96f1b94770f1b0d72b6dddcb1ebb8123cb3712530b08cc387b349a3d8"
url = "https://github.com/rhysd/actionlint/releases/download/v1.7.12/actionlint_1.7.12_linux_amd64.tar.gz"

[tools."github:rhysd/actionlint"."platforms.linux-arm64"]
checksum = "sha256:325e971b6ba9bfa504672e29be93c24981eeb1c07576d730e9f7c8805afff0c6"
url = "https://github.com/rhysd/actionlint/releases/download/v1.7.12/actionlint_1.7.12_linux_arm64.tar.gz"

[tools."github:rhysd/actionlint"."platforms.linux-arm64-musl"]
checksum = "sha256:325e971b6ba9bfa504672e29be93c24981eeb1c07576d730e9f7c8805afff0c6"
url = "https://github.com/rhysd/actionlint/releases/download/v1.7.12/actionlint_1.7.12_linux_arm64.tar.gz"

[tools."github:rhysd/actionlint"."platforms.macos-amd64"]
checksum = "sha256:5b44c3bc2255115c9b69e30efc0fecdf498fdb63c5d58e17084fd5f16324c644"
url = "https://github.com/rhysd/actionlint/releases/download/v1.7.12/actionlint_1.7.12_darwin_amd64.tar.gz"

[tools."github:rhysd/actionlint"."platforms.macos-arm64"]
checksum = "sha256:aba9ced2dee8d27fecca3dc7feb1a7f9a52caefa1eb46f3271ea66b6e0e6953f"
url = "https://github.com/rhysd/actionlint/releases/download/v1.7.12/actionlint_1.7.12_darwin_arm64.tar.gz"

[tools."github:rhysd/actionlint"."platforms.windows-amd64"]
checksum = "sha256:6e7241b51e6817ea6a047693d8e6fed13b31819c9a0dd6c5a726e1592d22f6e9"
url = "https://github.com/rhysd/actionlint/releases/download/v1.7.12/actionlint_1.7.12_windows_amd64.zip"

[tools."github:rhysd/actionlint"."platforms.windows-arm64"]
checksum = "sha256:cadcf7ea4efe3a68728893813643cebe1185e5b1d4be5b96245f65c9a4d5ea41"
url = "https://github.com/rhysd/actionlint/releases/download/v1.7.12/actionlint_1.7.12_windows_arm64.zip"

[[tools."github:zizmorcore/zizmor"]]
version = "1.25.2"
backend = "github"

[tools."github:zizmorcore/zizmor"."platforms.linux-amd64"]
url = "https://github.com/zizmorcore/zizmor/releases/download/v1.25.2/zizmor-x86_64-unknown-linux-gnu.tar.gz"

[tools."github:zizmorcore/zizmor"."platforms.linux-amd64-musl"]
url = "https://github.com/zizmorcore/zizmor/releases/download/v1.25.2/zizmor-x86_64-unknown-linux-gnu.tar.gz"

[tools."github:zizmorcore/zizmor"."platforms.linux-arm64"]
url = "https://github.com/zizmorcore/zizmor/releases/download/v1.25.2/zizmor-aarch64-unknown-linux-gnu.tar.gz"

[tools."github:zizmorcore/zizmor"."platforms.linux-arm64-musl"]
url = "https://github.com/zizmorcore/zizmor/releases/download/v1.25.2/zizmor-aarch64-unknown-linux-gnu.tar.gz"

[tools."github:zizmorcore/zizmor"."platforms.macos-amd64"]
url = "https://github.com/zizmorcore/zizmor/releases/download/v1.25.2/zizmor-x86_64-apple-darwin.tar.gz"

[tools."github:zizmorcore/zizmor"."platforms.macos-arm64"]
url = "https://github.com/zizmorcore/zizmor/releases/download/v1.25.2/zizmor-aarch64-apple-darwin.tar.gz"

[tools."github:zizmorcore/zizmor"."platforms.windows-amd64"]
url = "https://github.com/zizmorcore/zizmor/releases/download/v1.25.2/zizmor-x86_64-pc-windows-msvc.zip"

[[tools."go"]]
version = "1.26.5"
backend = "native"

[tools."go"."platforms.linux-amd64"]
checksum = "sha256:5c2c3b16caefa1d968a94c1daca04a7ca301a496d9b086e17ad77bb81393f053"
url = "https://go.dev/dl/go1.26.5.linux-amd64.tar.gz"
gpg_key = "EB4C1BF148A2C440F831EE8752D905A67D74191C"

[tools."go"."platforms.linux-amd64-musl"]
checksum = "sha256:5c2c3b16caefa1d968a94c1daca04a7ca301a496d9b086e17ad77bb81393f053"
url = "https://go.dev/dl/go1.26.5.linux-amd64.tar.gz"
gpg_key = "EB4C1BF148A2C440F831EE8752D905A67D74191C"

[tools."go"."platforms.linux-arm64"]
checksum = "sha256:fe4789e92b1f33358680864bbe8704289e7bb5fc207d80623c308935bd696d49"
url = "https://go.dev/dl/go1.26.5.linux-arm64.tar.gz"
gpg_key = "EB4C1BF148A2C440F831EE8752D905A67D74191C"

[tools."go"."platforms.linux-arm64-musl"]
checksum = "sha256:fe4789e92b1f33358680864bbe8704289e7bb5fc207d80623c308935bd696d49"
url = "https://go.dev/dl/go1.26.5.linux-arm64.tar.gz"
gpg_key = "EB4C1BF148A2C440F831EE8752D905A67D74191C"

[tools."go"."platforms.macos-amd64"]
checksum = "sha256:6231d8d3b8f5552ec6cbf6d685bdd5482e1e703214b120e89b3bf0d7bf1ef725"
url = "https://go.dev/dl/go1.26.5.darwin-amd64.tar.gz"
gpg_key = "EB4C1BF148A2C440F831EE8752D905A67D74191C"

[tools."go"."platforms.macos-arm64"]
checksum = "sha256:efb87ff28af9a188d0536ef5d42e63dd52ba8263cd7344a993cc48dd11dedb6a"
url = "https://go.dev/dl/go1.26.5.darwin-arm64.tar.gz"
gpg_key = "EB4C1BF148A2C440F831EE8752D905A67D74191C"

[tools."go"."platforms.windows-amd64"]
checksum = "sha256:97e6b2a833b6d89f9ff17d25419ac0a7e3b482a044e9ab18cdef834bd834fd38"
url = "https://go.dev/dl/go1.26.5.windows-amd64.zip"
gpg_key = "EB4C1BF148A2C440F831EE8752D905A67D74191C"

[tools."go"."platforms.windows-arm64"]
checksum = "sha256:f96ee46396d69f1e231c8d981ec6a70216238a646a1f2cd74aea0d0016bbc017"
url = "https://go.dev/dl/go1.26.5.windows-arm64.zip"
gpg_key = "EB4C1BF148A2C440F831EE8752D905A67D74191C"

[[tools."go:github.com/golangci/golangci-lint/cmd/golangci-lint"]]
version = "v1.64.4"
backend = "go"

[tools."go:github.com/golangci/golangci-lint/cmd/golangci-lint"."platforms.linux-amd64"]

[tools."go:github.com/golangci/golangci-lint/cmd/golangci-lint"."platforms.linux-amd64-musl"]

[tools."go:github.com/golangci/golangci-lint/cmd/golangci-lint"."platforms.linux-arm64"]

[tools."go:github.com/golangci/golangci-lint/cmd/golangci-lint"."platforms.linux-arm64-musl"]

[tools."go:github.com/golangci/golangci-lint/cmd/golangci-lint"."platforms.macos-amd64"]

[tools."go:github.com/golangci/golangci-lint/cmd/golangci-lint"."platforms.macos-arm64"]

[tools."go:github.com/golangci/golangci-lint/cmd/golangci-lint"."platforms.windows-amd64"]

[tools."go:github.com/golangci/golangci-lint/cmd/golangci-lint"."platforms.windows-arm64"]

[[tools."go:github.com/securego/gosec/v2/cmd/gosec"]]
version = "v2.22.1"
backend = "go"

[tools."go:github.com/securego/gosec/v2/cmd/gosec"."platforms.linux-amd64"]

[tools."go:github.com/securego/gosec/v2/cmd/gosec"."platforms.linux-amd64-musl"]

[tools."go:github.com/securego/gosec/v2/cmd/gosec"."platforms.linux-arm64"]

[tools."go:github.com/securego/gosec/v2/cmd/gosec"."platforms.linux-arm64-musl"]

[tools."go:github.com/securego/gosec/v2/cmd/gosec"."platforms.macos-amd64"]

[tools."go:github.com/securego/gosec/v2/cmd/gosec"."platforms.macos-arm64"]

[tools."go:github.com/securego/gosec/v2/cmd/gosec"."platforms.windows-amd64"]

[tools."go:github.com/securego/gosec/v2/cmd/gosec"."platforms.windows-arm64"]

[[tools."go:golang.org/x/tools/cmd/goimports"]]
version = "v0.30.0"
backend = "go"

[tools."go:golang.org/x/tools/cmd/goimports"."platforms.linux-amd64"]

[tools."go:golang.org/x/tools/cmd/goimports"."platforms.linux-amd64-musl"]

[tools."go:golang.org/x/tools/cmd/goimports"."platforms.linux-arm64"]

[tools."go:golang.org/x/tools/cmd/goimports"."platforms.linux-arm64-musl"]

[tools."go:golang.org/x/tools/cmd/goimports"."platforms.macos-amd64"]

[tools."go:golang.org/x/tools/cmd/goimports"."platforms.macos-arm64"]

[tools."go:golang.org/x/tools/cmd/goimports"."platforms.windows-amd64"]

[tools."go:golang.org/x/tools/cmd/goimports"."platforms.windows-arm64"]

[[tools."go:golang.org/x/vuln/cmd/govulncheck"]]
version = "v1.1.4"
backend = "go"

[tools."go:golang.org/x/vuln/cmd/govulncheck"."platforms.linux-amd64"]

[tools."go:golang.org/x/vuln/cmd/govulncheck"."platforms.linux-amd64-musl"]

[tools."go:golang.org/x/vuln/cmd/govulncheck"."platforms.linux-arm64"]

[tools."go:golang.org/x/vuln/cmd/govulncheck"."platforms.linux-arm64-musl"]

[tools."go:golang.org/x/vuln/cmd/govulncheck"."platforms.macos-amd64"]

[tools."go:golang.org/x/vuln/cmd/govulncheck"."platforms.macos-arm64"]

[tools."go:golang.org/x/vuln/cmd/govulncheck"."platforms.windows-amd64"]

[tools."go:golang.org/x/vuln/cmd/govulncheck"."platforms.windows-arm64"]

[[tools."go:mvdan.cc/sh/v3/cmd/shfmt"]]
version = "v3.13.1"
backend = "go"

[tools."go:mvdan.cc/sh/v3/cmd/shfmt"."platforms.linux-amd64"]

[tools."go:mvdan.cc/sh/v3/cmd/shfmt"."platforms.linux-amd64-musl"]

[tools."go:mvdan.cc/sh/v3/cmd/shfmt"."platforms.linux-arm64"]

[tools."go:mvdan.cc/sh/v3/cmd/shfmt"."platforms.linux-arm64-musl"]

[tools."go:mvdan.cc/sh/v3/cmd/shfmt"."platforms.macos-amd64"]

[tools."go:mvdan.cc/sh/v3/cmd/shfmt"."platforms.macos-arm64"]

[tools."go:mvdan.cc/sh/v3/cmd/shfmt"."platforms.windows-amd64"]

[tools."go:mvdan.cc/sh/v3/cmd/shfmt"."platforms.windows-arm64"]

[[tools."node"]]
version = "26.3.0"
backend = "native"

[tools."node"."platforms.linux-amd64"]
url = "https://nodejs.org/dist/v26.3.0/node-v26.3.0-linux-x64.tar.gz"
gpg_key = "C4F0DFFF4E8C1A8236409D08E73BC641CC11F4C8"

[tools."node"."platforms.linux-amd64-musl"]
url = "https://nodejs.org/dist/v26.3.0/node-v26.3.0-linux-x64.tar.gz"
gpg_key = "C4F0DFFF4E8C1A8236409D08E73BC641CC11F4C8"

[tools."node"."platforms.linux-arm64"]
url = "https://nodejs.org/dist/v26.3.0/node-v26.3.0-linux-arm64.tar.gz"
gpg_key = "C4F0DFFF4E8C1A8236409D08E73BC641CC11F4C8"

[tools."node"."platforms.linux-arm64-musl"]
url = "https://nodejs.org/dist/v26.3.0/node-v26.3.0-linux-arm64.tar.gz"
gpg_key = "C4F0DFFF4E8C1A8236409D08E73BC641CC11F4C8"

[tools."node"."platforms.macos-amd64"]
url = "https://nodejs.org/dist/v26.3.0/node-v26.3.0-darwin-x64.tar.gz"
gpg_key = "C4F0DFFF4E8C1A8236409D08E73BC641CC11F4C8"

[tools."node"."platforms.macos-arm64"]
url = "https://nodejs.org/dist/v26.3.0/node-v26.3.0-darwin-arm64.tar.gz"
gpg_key = "C4F0DFFF4E8C1A8236409D08E73BC641CC11F4C8"

[tools."node"."platforms.windows-amd64"]
url = "https://nodejs.org/dist/v26.3.0/node-v26.3.0-win-x64.zip"
gpg_key = "C4F0DFFF4E8C1A8236409D08E73BC641CC11F4C8"

[tools."node"."platforms.windows-arm64"]
url = "https://nodejs.org/dist/v26.3.0/node-v26.3.0-win-arm64.zip"
gpg_key = "C4F0DFFF4E8C1A8236409D08E73BC641CC11F4C8"

[[tools."npm:@commitlint/cli"]]
version = "21.2.1"
backend = "npm"

[tools."npm:@commitlint/cli"."platforms.linux-amd64"]

[tools."npm:@commitlint/cli"."platforms.linux-amd64-musl"]

[tools."npm:@commitlint/cli"."platforms.linux-arm64"]

[tools."npm:@commitlint/cli"."platforms.linux-arm64-musl"]

[tools."npm:@commitlint/cli"."platforms.macos-amd64"]

[tools."npm:@commitlint/cli"."platforms.macos-arm64"]

[tools."npm:@commitlint/cli"."platforms.windows-amd64"]

[tools."npm:@commitlint/cli"."platforms.windows-arm64"]

[[tools."npm:@commitlint/config-conventional"]]
version = "21.2.0"
backend = "npm"

[tools."npm:@commitlint/config-conventional"."platforms.linux-amd64"]

[tools."npm:@commitlint/config-conventional"."platforms.linux-amd64-musl"]

[tools."npm:@commitlint/config-conventional"."platforms.linux-arm64"]

[tools."npm:@commitlint/config-conventional"."platforms.linux-arm64-musl"]

[tools."npm:@commitlint/config-conventional"."platforms.macos-amd64"]

[tools."npm:@commitlint/config-conventional"."platforms.macos-arm64"]

[tools."npm:@commitlint/config-conventional"."platforms.windows-amd64"]

[tools."npm:@commitlint/config-conventional"."platforms.windows-arm64"]

[[tools."npm:@taplo/cli"]]
version = "0.7.0"
backend = "npm"

[tools."npm:@taplo/cli"."platforms.linux-amd64"]

[tools."npm:@taplo/cli"."platforms.linux-amd64-musl"]

[tools."npm:@taplo/cli"."platforms.linux-arm64"]

[tools."npm:@taplo/cli"."platforms.linux-arm64-musl"]

[tools."npm:@taplo/cli"."platforms.macos-amd64"]

[tools."npm:@taplo/cli"."platforms.macos-arm64"]

[tools."npm:@taplo/cli"."platforms.windows-amd64"]

[tools."npm:@taplo/cli"."platforms.windows-arm64"]

[[tools."npm:bats"]]
version = "1.13.0"
backend = "npm"

[tools."npm:bats"."platforms.linux-amd64"]

[tools."npm:bats"."platforms.linux-amd64-musl"]

[tools."npm:bats"."platforms.linux-arm64"]

[tools."npm:bats"."platforms.linux-arm64-musl"]

[tools."npm:bats"."platforms.macos-amd64"]

[tools."npm:bats"."platforms.macos-arm64"]

[tools."npm:bats"."platforms.windows-amd64"]

[tools."npm:bats"."platforms.windows-arm64"]

[[tools."npm:commitizen"]]
version = "4.3.2"
backend = "npm"

[tools."npm:commitizen"."platforms.linux-amd64"]

[tools."npm:commitizen"."platforms.linux-amd64-musl"]

[tools."npm:commitizen"."platforms.linux-arm64"]

[tools."npm:commitizen"."platforms.linux-arm64-musl"]

[tools."npm:commitizen"."platforms.macos-amd64"]

[tools."npm:commitizen"."platforms.macos-arm64"]

[tools."npm:commitizen"."platforms.windows-amd64"]

[tools."npm:commitizen"."platforms.windows-arm64"]

[[tools."npm:cz-conventional-changelog"]]
version = "3.3.0"
backend = "npm"

[tools."npm:cz-conventional-changelog"."platforms.linux-amd64"]

[tools."npm:cz-conventional-changelog"."platforms.linux-amd64-musl"]

[tools."npm:cz-conventional-changelog"."platforms.linux-arm64"]

[tools."npm:cz-conventional-changelog"."platforms.linux-arm64-musl"]

[tools."npm:cz-conventional-changelog"."platforms.macos-amd64"]

[tools."npm:cz-conventional-changelog"."platforms.macos-arm64"]

[tools."npm:cz-conventional-changelog"."platforms.windows-amd64"]

[tools."npm:cz-conventional-changelog"."platforms.windows-arm64"]

[[tools."npm:dockerfile-utils"]]
version = "0.16.3"
backend = "npm"

[tools."npm:dockerfile-utils"."platforms.linux-amd64"]

[tools."npm:dockerfile-utils"."platforms.linux-amd64-musl"]

[tools."npm:dockerfile-utils"."platforms.linux-arm64"]

[tools."npm:dockerfile-utils"."platforms.linux-arm64-musl"]

[tools."npm:dockerfile-utils"."platforms.macos-amd64"]

[tools."npm:dockerfile-utils"."platforms.macos-arm64"]

[tools."npm:dockerfile-utils"."platforms.windows-amd64"]

[tools."npm:dockerfile-utils"."platforms.windows-arm64"]

[[tools."npm:eslint"]]
version = "10.8.1"
backend = "npm"

[tools."npm:eslint"."platforms.linux-amd64"]

[tools."npm:eslint"."platforms.linux-amd64-musl"]

[tools."npm:eslint"."platforms.linux-arm64"]

[tools."npm:eslint"."platforms.linux-arm64-musl"]

[tools."npm:eslint"."platforms.macos-amd64"]

[tools."npm:eslint"."platforms.macos-arm64"]

[tools."npm:eslint"."platforms.windows-amd64"]

[tools."npm:eslint"."platforms.windows-arm64"]

[[tools."npm:markdownlint-cli2"]]
version = "0.23.2"
backend = "npm"

[tools."npm:markdownlint-cli2"."platforms.linux-amd64"]

[tools."npm:markdownlint-cli2"."platforms.linux-amd64-musl"]

[tools."npm:markdownlint-cli2"."platforms.linux-arm64"]

[tools."npm:markdownlint-cli2"."platforms.linux-arm64-musl"]

[tools."npm:markdownlint-cli2"."platforms.macos-amd64"]

[tools."npm:markdownlint-cli2"."platforms.macos-arm64"]

[tools."npm:markdownlint-cli2"."platforms.windows-amd64"]

[tools."npm:markdownlint-cli2"."platforms.windows-arm64"]

[[tools."npm:prettier"]]
version = "3.9.6"
backend = "npm"

[tools."npm:prettier"."platforms.linux-amd64"]

[tools."npm:prettier"."platforms.linux-amd64-musl"]

[tools."npm:prettier"."platforms.linux-arm64"]

[tools."npm:prettier"."platforms.linux-arm64-musl"]

[tools."npm:prettier"."platforms.macos-amd64"]

[tools."npm:prettier"."platforms.macos-arm64"]

[tools."npm:prettier"."platforms.windows-amd64"]

[tools."npm:prettier"."platforms.windows-arm64"]

[[tools."npm:sort-package-json"]]
version = "4.0.0"
backend = "npm"

[tools."npm:sort-package-json"."platforms.linux-amd64"]

[tools."npm:sort-package-json"."platforms.linux-amd64-musl"]

[tools."npm:sort-package-json"."platforms.linux-arm64"]

[tools."npm:sort-package-json"."platforms.linux-arm64-musl"]

[tools."npm:sort-package-json"."platforms.macos-amd64"]

[tools."npm:sort-package-json"."platforms.macos-arm64"]

[tools."npm:sort-package-json"."platforms.windows-amd64"]

[tools."npm:sort-package-json"."platforms.windows-arm64"]

[[tools."npm:stylelint"]]
version = "17.14.1"
backend = "npm"

[tools."npm:stylelint"."platforms.linux-amd64"]

[tools."npm:stylelint"."platforms.linux-amd64-musl"]

[tools."npm:stylelint"."platforms.linux-arm64"]

[tools."npm:stylelint"."platforms.linux-arm64-musl"]

[tools."npm:stylelint"."platforms.macos-amd64"]

[tools."npm:stylelint"."platforms.macos-arm64"]

[tools."npm:stylelint"."platforms.windows-amd64"]

[tools."npm:stylelint"."platforms.windows-arm64"]

[[tools."pipx:clang-format"]]
version = "22.1.8"
backend = "pipx"

[tools."pipx:clang-format"."platforms.linux-amd64"]

[tools."pipx:clang-format"."platforms.linux-amd64-musl"]

[tools."pipx:clang-format"."platforms.linux-arm64"]

[tools."pipx:clang-format"."platforms.linux-arm64-musl"]

[tools."pipx:clang-format"."platforms.macos-amd64"]

[tools."pipx:clang-format"."platforms.macos-arm64"]

[tools."pipx:clang-format"."platforms.windows-amd64"]

[tools."pipx:clang-format"."platforms.windows-arm64"]

[[tools."pipx:pip-audit"]]
version = "2.10.1"
backend = "pipx"

[tools."pipx:pip-audit"."platforms.linux-amd64"]

[tools."pipx:pip-audit"."platforms.linux-amd64-musl"]

[tools."pipx:pip-audit"."platforms.linux-arm64"]

[tools."pipx:pip-audit"."platforms.linux-arm64-musl"]

[tools."pipx:pip-audit"."platforms.macos-amd64"]

[tools."pipx:pip-audit"."platforms.macos-arm64"]

[tools."pipx:pip-audit"."platforms.windows-amd64"]

[tools."pipx:pip-audit"."platforms.windows-arm64"]

[[tools."pipx:pre-commit"]]
version = "4.6.1"
backend = "pipx"

[tools."pipx:pre-commit"."platforms.linux-amd64"]

[tools."pipx:pre-commit"."platforms.linux-amd64-musl"]

[tools."pipx:pre-commit"."platforms.linux-arm64"]

[tools."pipx:pre-commit"."platforms.linux-arm64-musl"]

[tools."pipx:pre-commit"."platforms.macos-amd64"]

[tools."pipx:pre-commit"."platforms.macos-arm64"]

[tools."pipx:pre-commit"."platforms.windows-amd64"]

[tools."pipx:pre-commit"."platforms.windows-arm64"]

[[tools."pipx:yamllint"]]
version = "1.38.0"
backend = "pipx"

[tools."pipx:yamllint"."platforms.linux-amd64"]

[tools."pipx:yamllint"."platforms.linux-amd64-musl"]

[tools."pipx:yamllint"."platforms.linux-arm64"]

[tools."pipx:yamllint"."platforms.linux-arm64-musl"]

[tools."pipx:yamllint"."platforms.macos-amd64"]

[tools."pipx:yamllint"."platforms.macos-arm64"]

[tools."pipx:yamllint"."platforms.windows-amd64"]

[tools."pipx:yamllint"."platforms.windows-arm64"]

[[tools."python"]]
version = "3.14.5"
backend = "native"

[tools."python"."platforms.linux-amd64"]
url = "https://github.com/astral-sh/python-build-standalone/releases/download/20260602/cpython-3.14.5%2B20260602-x86_64-unknown-linux-gnu-debug-full.tar.zst"

[tools."python"."platforms.linux-amd64-musl"]
url = "https://github.com/astral-sh/python-build-standalone/releases/download/20260602/cpython-3.14.5%2B20260602-x86_64-unknown-linux-gnu-debug-full.tar.zst"

[tools."python"."platforms.linux-arm64"]
url = "https://github.com/astral-sh/python-build-standalone/releases/download/20260602/cpython-3.14.5%2B20260602-aarch64-unknown-linux-gnu-debug-full.tar.zst"

[tools."python"."platforms.linux-arm64-musl"]
url = "https://github.com/astral-sh/python-build-standalone/releases/download/20260602/cpython-3.14.5%2B20260602-aarch64-unknown-linux-gnu-debug-full.tar.zst"

[tools."python"."platforms.macos-amd64"]
url = "https://github.com/astral-sh/python-build-standalone/releases/download/20260602/cpython-3.14.5%2B20260602-x86_64-apple-darwin-debug-full.tar.zst"

[tools."python"."platforms.macos-arm64"]
url = "https://github.com/astral-sh/python-build-standalone/releases/download/20260602/cpython-3.14.5%2B20260602-aarch64-apple-darwin-debug-full.tar.zst"

[tools."python"."platforms.windows-amd64"]
url = "https://github.com/astral-sh/python-build-standalone/releases/download/20260602/cpython-3.14.5%2B20260602-x86_64-pc-windows-msvc-freethreaded%2Bpgo-full.tar.zst"

[tools."python"."platforms.windows-arm64"]
url = "https://github.com/astral-sh/python-build-standalone/releases/download/20260602/cpython-3.14.5%2B20260602-aarch64-pc-windows-msvc-freethreaded%2Bpgo-full.tar.zst"
