# @generated - this file is auto-generated by `unirtm lock`
# Do not edit manually. See https://github.com/snowdreamtech/unirtm for details.

[[tools."github:anchore/syft"]]
version = "1.44.0"
backend = "github"

[tools."github:anchore/syft"."platforms.linux-amd64"]
checksum = "sha256:0e91737aee2b5baf1d255b959630194a302335d848ff97bb07921eb6205b5f5a"
url = "https://github.com/anchore/syft/releases/download/v1.44.0/syft_1.44.0_linux_amd64.tar.gz"

[tools."github:anchore/syft"."platforms.linux-amd64-musl"]
checksum = "sha256:0e91737aee2b5baf1d255b959630194a302335d848ff97bb07921eb6205b5f5a"
url = "https://github.com/anchore/syft/releases/download/v1.44.0/syft_1.44.0_linux_amd64.tar.gz"

[tools."github:anchore/syft"."platforms.linux-arm64"]
checksum = "sha256:6f6cdcdc695721d91ce756e3b5bc3e3416599c464101f5e32e9c3f33054ee6d9"
url = "https://github.com/anchore/syft/releases/download/v1.44.0/syft_1.44.0_linux_arm64.tar.gz"

[tools."github:anchore/syft"."platforms.linux-arm64-musl"]
checksum = "sha256:6f6cdcdc695721d91ce756e3b5bc3e3416599c464101f5e32e9c3f33054ee6d9"
url = "https://github.com/anchore/syft/releases/download/v1.44.0/syft_1.44.0_linux_arm64.tar.gz"

[tools."github:anchore/syft"."platforms.macos-amd64"]
checksum = "sha256:c40ece5407927327f94f35901727dbc604b46857e04f04ec94a310845fb71bde"
url = "https://github.com/anchore/syft/releases/download/v1.44.0/syft_1.44.0_darwin_amd64.tar.gz"

[tools."github:anchore/syft"."platforms.macos-arm64"]
checksum = "sha256:24e4d34078ae81da7c82539616f0ccac3e226cf4f74a38ce6fb3463619e50a55"
url = "https://github.com/anchore/syft/releases/download/v1.44.0/syft_1.44.0_darwin_arm64.tar.gz"

[tools."github:anchore/syft"."platforms.windows-amd64"]
checksum = "sha256:195e786eb84ec145854f20528992e86637c77d1968731dfe6ce850c90e28f47a"
url = "https://github.com/anchore/syft/releases/download/v1.44.0/syft_1.44.0_windows_amd64.zip"

[tools."github:anchore/syft"."platforms.windows-arm64"]
checksum = "sha256:3ebcde4f1bdfd3149c4527b85279cfc725ba7660ccf54b68b51be06a9271808e"
url = "https://github.com/anchore/syft/releases/download/v1.44.0/syft_1.44.0_windows_arm64.zip"

[[tools."github:aquasecurity/trivy"]]
version = "0.70.0"
backend = "github"

[tools."github:aquasecurity/trivy"."platforms.linux-amd64"]
checksum = "sha256:8b4376d5d6befe5c24d503f10ff136d9e0c49f9127a4279fd110b727929a5aa9"
url = "https://github.com/aquasecurity/trivy/releases/download/v0.70.0/trivy_0.70.0_Linux-64bit.tar.gz"

[tools."github:aquasecurity/trivy"."platforms.linux-amd64-musl"]
checksum = "sha256:8b4376d5d6befe5c24d503f10ff136d9e0c49f9127a4279fd110b727929a5aa9"
url = "https://github.com/aquasecurity/trivy/releases/download/v0.70.0/trivy_0.70.0_Linux-64bit.tar.gz"

[tools."github:aquasecurity/trivy"."platforms.linux-arm64"]
checksum = "sha256:2f6bb988b553a1bbac6bdd1ce890f5e412439564e17522b88a4541b4f364fc8d"
url = "https://github.com/aquasecurity/trivy/releases/download/v0.70.0/trivy_0.70.0_Linux-ARM64.tar.gz"

[tools."github:aquasecurity/trivy"."platforms.linux-arm64-musl"]
checksum = "sha256:2f6bb988b553a1bbac6bdd1ce890f5e412439564e17522b88a4541b4f364fc8d"
url = "https://github.com/aquasecurity/trivy/releases/download/v0.70.0/trivy_0.70.0_Linux-ARM64.tar.gz"

[tools."github:aquasecurity/trivy"."platforms.macos-amd64"]
checksum = "sha256:52d531452b19e7593da29366007d02a810e1e0080d02f9cf6a1afb46c35aaa93"
url = "https://github.com/aquasecurity/trivy/releases/download/v0.70.0/trivy_0.70.0_macOS-64bit.tar.gz"

[tools."github:aquasecurity/trivy"."platforms.macos-arm64"]
checksum = "sha256:68e543c51dcc96e1c344053a4fde9660cf602c25565d9f09dc17dd41e13b838a"
url = "https://github.com/aquasecurity/trivy/releases/download/v0.70.0/trivy_0.70.0_macOS-ARM64.tar.gz"

[tools."github:aquasecurity/trivy"."platforms.windows-amd64"]
checksum = "sha256:eea5442eab86f9e26cd718d7618d43899e72a83767619e8bee47911bddbfb825"
url = "https://github.com/aquasecurity/trivy/releases/download/v0.70.0/trivy_0.70.0_windows-64bit.zip"

[[tools."github:astral-sh/ruff"]]
version = "0.15.12"
backend = "github"

[tools."github:astral-sh/ruff"."platforms.linux-amd64"]
url = "https://github.com/astral-sh/ruff/releases/download/0.15.12/ruff-x86_64-unknown-linux-gnu.tar.gz"

[tools."github:astral-sh/ruff"."platforms.linux-amd64-musl"]
url = "https://github.com/astral-sh/ruff/releases/download/0.15.12/ruff-x86_64-unknown-linux-gnu.tar.gz"

[tools."github:astral-sh/ruff"."platforms.linux-arm64"]
url = "https://github.com/astral-sh/ruff/releases/download/0.15.12/ruff-aarch64-unknown-linux-gnu.tar.gz"

[tools."github:astral-sh/ruff"."platforms.linux-arm64-musl"]
url = "https://github.com/astral-sh/ruff/releases/download/0.15.12/ruff-aarch64-unknown-linux-gnu.tar.gz"

[tools."github:astral-sh/ruff"."platforms.macos-amd64"]
url = "https://github.com/astral-sh/ruff/releases/download/0.15.12/ruff-x86_64-apple-darwin.tar.gz"

[tools."github:astral-sh/ruff"."platforms.macos-arm64"]
checksum = "sha256:bd59107e125f9c9f64a75be13b6ff21bf7cbc61c4b9529bbb75c8184e3dd6c3c"
url = "https://github.com/astral-sh/ruff/releases/download/0.15.12/ruff-aarch64-apple-darwin.tar.gz"

[tools."github:astral-sh/ruff"."platforms.windows-amd64"]
url = "https://github.com/astral-sh/ruff/releases/download/0.15.12/ruff-x86_64-pc-windows-msvc.zip"

[tools."github:astral-sh/ruff"."platforms.windows-arm64"]
url = "https://github.com/astral-sh/ruff/releases/download/0.15.12/ruff-aarch64-pc-windows-msvc.zip"

[[tools."github:checkmake/checkmake"]]
version = "v0.3.2"
backend = "github"

[tools."github:checkmake/checkmake"."platforms.linux-amd64"]
url = "https://github.com/checkmake/checkmake/releases/download/v0.3.2/checkmake-v0.3.2.linux.amd64"

[tools."github:checkmake/checkmake"."platforms.linux-amd64-musl"]
url = "https://github.com/checkmake/checkmake/releases/download/v0.3.2/checkmake-v0.3.2.linux.amd64"

[tools."github:checkmake/checkmake"."platforms.linux-arm64"]
url = "https://github.com/checkmake/checkmake/releases/download/v0.3.2/checkmake-v0.3.2.linux.arm64"

[tools."github:checkmake/checkmake"."platforms.linux-arm64-musl"]
url = "https://github.com/checkmake/checkmake/releases/download/v0.3.2/checkmake-v0.3.2.linux.arm64"

[tools."github:checkmake/checkmake"."platforms.macos-amd64"]
url = "https://github.com/checkmake/checkmake/releases/download/v0.3.2/checkmake-v0.3.2.darwin.amd64"

[tools."github:checkmake/checkmake"."platforms.macos-arm64"]
url = "https://github.com/checkmake/checkmake/releases/download/v0.3.2/checkmake-v0.3.2.darwin.arm64"

[tools."github:checkmake/checkmake"."platforms.windows-amd64"]
url = "https://github.com/checkmake/checkmake/releases/download/v0.3.2/checkmake-v0.3.2.windows.amd64.exe"

[tools."github:checkmake/checkmake"."platforms.windows-arm64"]
url = "https://github.com/checkmake/checkmake/releases/download/v0.3.2/checkmake-v0.3.2.windows.arm64.exe"

[[tools."github:cli/cli"]]
version = "2.93.0"
backend = "github"

[tools."github:cli/cli"."platforms.linux-amd64"]
checksum = "sha256:02d1290eba130e0b896f3709ffff22e1c75a51475ddb70476a85abc6b5807af0"
url = "https://github.com/cli/cli/releases/download/v2.93.0/gh_2.93.0_linux_amd64.tar.gz"

[tools."github:cli/cli"."platforms.linux-amd64-musl"]
checksum = "sha256:02d1290eba130e0b896f3709ffff22e1c75a51475ddb70476a85abc6b5807af0"
url = "https://github.com/cli/cli/releases/download/v2.93.0/gh_2.93.0_linux_amd64.tar.gz"

[tools."github:cli/cli"."platforms.linux-arm64"]
checksum = "sha256:c55feb33684abba57e9909737340d5b39282257c0363e1edde6785ac4a413be7"
url = "https://github.com/cli/cli/releases/download/v2.93.0/gh_2.93.0_linux_arm64.tar.gz"

[tools."github:cli/cli"."platforms.linux-arm64-musl"]
checksum = "sha256:c55feb33684abba57e9909737340d5b39282257c0363e1edde6785ac4a413be7"
url = "https://github.com/cli/cli/releases/download/v2.93.0/gh_2.93.0_linux_arm64.tar.gz"

[tools."github:cli/cli"."platforms.macos-amd64"]
checksum = "sha256:009425b9d175c482037fe25181817fd6b1ea3ae1f51cfae0e18f29f33d3152ac"
url = "https://github.com/cli/cli/releases/download/v2.93.0/gh_2.93.0_macOS_amd64.zip"

[tools."github:cli/cli"."platforms.macos-arm64"]
checksum = "sha256:a86be4e0a86c26456cf71177d6572d6f1165cf1679e532b72f7f15918ee51fd2"
url = "https://github.com/cli/cli/releases/download/v2.93.0/gh_2.93.0_macOS_arm64.zip"

[tools."github:cli/cli"."platforms.windows-amd64"]
checksum = "sha256:77aa01ed7317295ad550de0ad04f3f276b1ef0e9272e3d002ac28dd99853d211"
url = "https://github.com/cli/cli/releases/download/v2.93.0/gh_2.93.0_windows_amd64.zip"

[tools."github:cli/cli"."platforms.windows-arm64"]
checksum = "sha256:1d2ab9d48f01a86c7156dae3008428743d6cd716a51fc50410078d51dec3dea4"
url = "https://github.com/cli/cli/releases/download/v2.93.0/gh_2.93.0_windows_arm64.zip"

[[tools."github:dotenv-linter/dotenv-linter"]]
version = "4.0.0"
backend = "github"

[tools."github:dotenv-linter/dotenv-linter"."platforms.linux-amd64"]
url = "https://github.com/dotenv-linter/dotenv-linter/releases/download/v4.0.0/dotenv-linter-linux-x86_64.tar.gz"

[tools."github:dotenv-linter/dotenv-linter"."platforms.linux-amd64-musl"]
url = "https://github.com/dotenv-linter/dotenv-linter/releases/download/v4.0.0/dotenv-linter-linux-x86_64.tar.gz"

[tools."github:dotenv-linter/dotenv-linter"."platforms.linux-arm64"]
url = "https://github.com/dotenv-linter/dotenv-linter/releases/download/v4.0.0/dotenv-linter-linux-aarch64.tar.gz"

[tools."github:dotenv-linter/dotenv-linter"."platforms.linux-arm64-musl"]
url = "https://github.com/dotenv-linter/dotenv-linter/releases/download/v4.0.0/dotenv-linter-linux-aarch64.tar.gz"

[tools."github:dotenv-linter/dotenv-linter"."platforms.macos-amd64"]
url = "https://github.com/dotenv-linter/dotenv-linter/releases/download/v4.0.0/dotenv-linter-darwin-x86_64.tar.gz"

[tools."github:dotenv-linter/dotenv-linter"."platforms.macos-arm64"]
url = "https://github.com/dotenv-linter/dotenv-linter/releases/download/v4.0.0/dotenv-linter-darwin-arm64.tar.gz"

[tools."github:dotenv-linter/dotenv-linter"."platforms.windows-amd64"]
url = "https://github.com/dotenv-linter/dotenv-linter/releases/download/v4.0.0/dotenv-linter-win-x64.zip"

[tools."github:dotenv-linter/dotenv-linter"."platforms.windows-arm64"]
url = "https://github.com/dotenv-linter/dotenv-linter/releases/download/v4.0.0/dotenv-linter-win-aarch64.zip"

[[tools."github:editorconfig-checker/editorconfig-checker"]]
version = "3.7.0"
backend = "github"

[tools."github:editorconfig-checker/editorconfig-checker"."platforms.linux-amd64"]
checksum = "sha256:4b0eeb52a1b337cdd6d23a38dd0b1d9d4fc8e66840939819af32ae8388770fb4"
url = "https://github.com/editorconfig-checker/editorconfig-checker/releases/download/v3.7.0/editorconfig-checker-linux-amd64.tar.gz"

[tools."github:editorconfig-checker/editorconfig-checker"."platforms.linux-amd64-musl"]
checksum = "sha256:4b0eeb52a1b337cdd6d23a38dd0b1d9d4fc8e66840939819af32ae8388770fb4"
url = "https://github.com/editorconfig-checker/editorconfig-checker/releases/download/v3.7.0/editorconfig-checker-linux-amd64.tar.gz"

[tools."github:editorconfig-checker/editorconfig-checker"."platforms.linux-arm64"]
checksum = "sha256:8c29f86796192439beea1ccbe91df9d6fc4eaab23d50486b6a0d36dc40ad3660"
url = "https://github.com/editorconfig-checker/editorconfig-checker/releases/download/v3.7.0/editorconfig-checker-linux-arm64.tar.gz"

[tools."github:editorconfig-checker/editorconfig-checker"."platforms.linux-arm64-musl"]
checksum = "sha256:8c29f86796192439beea1ccbe91df9d6fc4eaab23d50486b6a0d36dc40ad3660"
url = "https://github.com/editorconfig-checker/editorconfig-checker/releases/download/v3.7.0/editorconfig-checker-linux-arm64.tar.gz"

[tools."github:editorconfig-checker/editorconfig-checker"."platforms.macos-amd64"]
checksum = "sha256:6cd2e4aa2a374d391e3baeaae43fc28906fd15b09490f5669eee206a63eef00a"
url = "https://github.com/editorconfig-checker/editorconfig-checker/releases/download/v3.7.0/ec-darwin-amd64.tar.gz"

[tools."github:editorconfig-checker/editorconfig-checker"."platforms.macos-arm64"]
checksum = "sha256:727e6ef506c6fbe7719cc29c69b495715b64514a00059f3f179077bfad0580e5"
url = "https://github.com/editorconfig-checker/editorconfig-checker/releases/download/v3.7.0/ec-darwin-arm64.tar.gz"

[tools."github:editorconfig-checker/editorconfig-checker"."platforms.windows-amd64"]
checksum = "sha256:497628bc3492645b018b16311f3f1164a058d1325ba57d03ad0863641c61994d"
url = "https://github.com/editorconfig-checker/editorconfig-checker/releases/download/v3.7.0/editorconfig-checker-windows-amd64.tar.gz"

[tools."github:editorconfig-checker/editorconfig-checker"."platforms.windows-arm64"]
checksum = "sha256:b12dff5382bb871298ac88a2ad3b86cab159afd9f73dcf51020ef69f2ca675ec"
url = "https://github.com/editorconfig-checker/editorconfig-checker/releases/download/v3.7.0/editorconfig-checker-windows-arm64.tar.gz"

[[tools."github:gitleaks/gitleaks"]]
version = "8.30.1"
backend = "github"

[tools."github:gitleaks/gitleaks"."platforms.linux-amd64"]
checksum = "sha256:551f6fc83ea457d62a0d98237cbad105af8d557003051f41f3e7ca7b3f2470eb"
url = "https://github.com/gitleaks/gitleaks/releases/download/v8.30.1/gitleaks_8.30.1_linux_x64.tar.gz"

[tools."github:gitleaks/gitleaks"."platforms.linux-amd64-musl"]
checksum = "sha256:551f6fc83ea457d62a0d98237cbad105af8d557003051f41f3e7ca7b3f2470eb"
url = "https://github.com/gitleaks/gitleaks/releases/download/v8.30.1/gitleaks_8.30.1_linux_x64.tar.gz"

[tools."github:gitleaks/gitleaks"."platforms.linux-arm64"]
checksum = "sha256:e4a487ee7ccd7d3a7f7ec08657610aa3606637dab924210b3aee62570fb4b080"
url = "https://github.com/gitleaks/gitleaks/releases/download/v8.30.1/gitleaks_8.30.1_linux_arm64.tar.gz"

[tools."github:gitleaks/gitleaks"."platforms.linux-arm64-musl"]
checksum = "sha256:e4a487ee7ccd7d3a7f7ec08657610aa3606637dab924210b3aee62570fb4b080"
url = "https://github.com/gitleaks/gitleaks/releases/download/v8.30.1/gitleaks_8.30.1_linux_arm64.tar.gz"

[tools."github:gitleaks/gitleaks"."platforms.macos-amd64"]
checksum = "sha256:dfe101a4db2255fc85120ac7f3d25e4342c3c20cf749f2c20a18081af1952709"
url = "https://github.com/gitleaks/gitleaks/releases/download/v8.30.1/gitleaks_8.30.1_darwin_x64.tar.gz"

[tools."github:gitleaks/gitleaks"."platforms.macos-arm64"]
checksum = "sha256:b40ab0ae55c505963e365f271a8d3846efbc170aa17f2607f13df610a9aeb6a5"
url = "https://github.com/gitleaks/gitleaks/releases/download/v8.30.1/gitleaks_8.30.1_darwin_arm64.tar.gz"

[tools."github:gitleaks/gitleaks"."platforms.windows-amd64"]
checksum = "sha256:d29144deff3a68aa93ced33dddf84b7fdc26070add4aa0f4513094c8332afc4e"
url = "https://github.com/gitleaks/gitleaks/releases/download/v8.30.1/gitleaks_8.30.1_windows_x64.zip"

[tools."github:gitleaks/gitleaks"."platforms.windows-arm64"]
checksum = "sha256:b95f5e4f5c425cedca7ee203d9afd29597e692c4924a12ed42f970537c72cc0f"
url = "https://github.com/gitleaks/gitleaks/releases/download/v8.30.1/gitleaks_8.30.1_windows_arm64.zip"

[[tools."github:google/osv-scanner"]]
version = "2.3.8"
backend = "github"

[tools."github:google/osv-scanner"."platforms.linux-amd64"]
checksum = "sha256:bc98e15319ed0d515e3f9235287ba53cdc5535d576d24fd573978ecfe9ab92dc"
url = "https://github.com/google/osv-scanner/releases/download/v2.3.8/osv-scanner_linux_amd64"

[tools."github:google/osv-scanner"."platforms.linux-amd64-musl"]
checksum = "sha256:bc98e15319ed0d515e3f9235287ba53cdc5535d576d24fd573978ecfe9ab92dc"
url = "https://github.com/google/osv-scanner/releases/download/v2.3.8/osv-scanner_linux_amd64"

[tools."github:google/osv-scanner"."platforms.linux-arm64"]
checksum = "sha256:8158b18edd2d03b1a30d905ca91b032bc62262167be8f206c27114f08823e27c"
url = "https://github.com/google/osv-scanner/releases/download/v2.3.8/osv-scanner_linux_arm64"

[tools."github:google/osv-scanner"."platforms.linux-arm64-musl"]
checksum = "sha256:8158b18edd2d03b1a30d905ca91b032bc62262167be8f206c27114f08823e27c"
url = "https://github.com/google/osv-scanner/releases/download/v2.3.8/osv-scanner_linux_arm64"

[tools."github:google/osv-scanner"."platforms.macos-amd64"]
checksum = "sha256:b8a80a9f14ca4c0cd0fc2d351b28f740da9e6a5b18385ac9f9d083360b5b504e"
url = "https://github.com/google/osv-scanner/releases/download/v2.3.8/osv-scanner_darwin_amd64"

[tools."github:google/osv-scanner"."platforms.macos-arm64"]
checksum = "sha256:a8cd6507b06239f463a7642430cfd2d154882f150f6e30cdc0653e28dfc34216"
url = "https://github.com/google/osv-scanner/releases/download/v2.3.8/osv-scanner_darwin_arm64"

[tools."github:google/osv-scanner"."platforms.windows-amd64"]
checksum = "sha256:cb04e79dd9698a7bc821bbfdddec916a416d1409fda79c927c509d37d00c9716"
url = "https://github.com/google/osv-scanner/releases/download/v2.3.8/osv-scanner_windows_amd64.exe"

[tools."github:google/osv-scanner"."platforms.windows-arm64"]
checksum = "sha256:285d1fbcf2c69ab5ee38ae3a850ab46e83f32ef1cd5f3c4c9eb161cc493f6d52"
url = "https://github.com/google/osv-scanner/releases/download/v2.3.8/osv-scanner_windows_arm64.exe"

[[tools."github:goreleaser/goreleaser"]]
version = "2.16.0"
backend = "github"

[tools."github:goreleaser/goreleaser"."platforms.linux-amd64"]
checksum = "sha256:eaae05b5eba07533bd0f06846b68c808399504784df00c62eb219541fc04e5e2"
url = "https://github.com/goreleaser/goreleaser/releases/download/v2.16.0/goreleaser_Linux_x86_64.tar.gz"

[tools."github:goreleaser/goreleaser"."platforms.linux-amd64-musl"]
checksum = "sha256:eaae05b5eba07533bd0f06846b68c808399504784df00c62eb219541fc04e5e2"
url = "https://github.com/goreleaser/goreleaser/releases/download/v2.16.0/goreleaser_Linux_x86_64.tar.gz"

[tools."github:goreleaser/goreleaser"."platforms.linux-arm64"]
checksum = "sha256:0102d974373fcdeb77042d1f5897caffa193be36620fdc6c1da43a01ef8e10d3"
url = "https://github.com/goreleaser/goreleaser/releases/download/v2.16.0/goreleaser_Linux_arm64.tar.gz"

[tools."github:goreleaser/goreleaser"."platforms.linux-arm64-musl"]
checksum = "sha256:0102d974373fcdeb77042d1f5897caffa193be36620fdc6c1da43a01ef8e10d3"
url = "https://github.com/goreleaser/goreleaser/releases/download/v2.16.0/goreleaser_Linux_arm64.tar.gz"

[tools."github:goreleaser/goreleaser"."platforms.macos-amd64"]
checksum = "sha256:2b82d8319ee517d4242b48a858114b267c621f1dd1fe51a14680902b18a5dac8"
url = "https://github.com/goreleaser/goreleaser/releases/download/v2.16.0/goreleaser_Darwin_x86_64.tar.gz"

[tools."github:goreleaser/goreleaser"."platforms.macos-arm64"]
checksum = "sha256:8f6898256f35531165d90f2db581c5ee0d32bda83ebc25ac231ff5bdb9d2071a"
url = "https://github.com/goreleaser/goreleaser/releases/download/v2.16.0/goreleaser_Darwin_arm64.tar.gz"

[tools."github:goreleaser/goreleaser"."platforms.windows-amd64"]
checksum = "sha256:6fe5eda11f0bcac8069aff3ef3dcb0b11816c9e95f89773595564697a5278bc9"
url = "https://github.com/goreleaser/goreleaser/releases/download/v2.16.0/goreleaser_Windows_x86_64.zip"

[tools."github:goreleaser/goreleaser"."platforms.windows-arm64"]
checksum = "sha256:1183c81863044ce9baa89c1393c258949390b8df683df7ca959e9c718d7723c9"
url = "https://github.com/goreleaser/goreleaser/releases/download/v2.16.0/goreleaser_Windows_arm64.zip"

[[tools."github:hadolint/hadolint"]]
version = "2.14.0"
backend = "github"

[tools."github:hadolint/hadolint"."platforms.linux-amd64"]
url = "https://github.com/hadolint/hadolint/releases/download/v2.14.0/hadolint-linux-x86_64"

[tools."github:hadolint/hadolint"."platforms.linux-amd64-musl"]
url = "https://github.com/hadolint/hadolint/releases/download/v2.14.0/hadolint-linux-x86_64"

[tools."github:hadolint/hadolint"."platforms.linux-arm64"]
checksum = "sha256:331f1d3511b84a4f1e3d18d52fec284723e4019552f4f47b19322a53ce9a40ed"
url = "https://github.com/hadolint/hadolint/releases/download/v2.14.0/hadolint-linux-arm64"

[tools."github:hadolint/hadolint"."platforms.linux-arm64-musl"]
checksum = "sha256:331f1d3511b84a4f1e3d18d52fec284723e4019552f4f47b19322a53ce9a40ed"
url = "https://github.com/hadolint/hadolint/releases/download/v2.14.0/hadolint-linux-arm64"

[tools."github:hadolint/hadolint"."platforms.macos-amd64"]
url = "https://github.com/hadolint/hadolint/releases/download/v2.14.0/hadolint-macos-x86_64"

[tools."github:hadolint/hadolint"."platforms.macos-arm64"]
url = "https://github.com/hadolint/hadolint/releases/download/v2.14.0/hadolint-macos-arm64"

[tools."github:hadolint/hadolint"."platforms.windows-amd64"]
url = "https://github.com/hadolint/hadolint/releases/download/v2.14.0/hadolint-windows-x86_64.exe"

[[tools."github:koalaman/shellcheck"]]
version = "0.11.0"
backend = "github"

[tools."github:koalaman/shellcheck"."platforms.linux-amd64"]
url = "https://github.com/koalaman/shellcheck/releases/download/v0.11.0/shellcheck-v0.11.0.linux.x86_64.tar.gz"

[tools."github:koalaman/shellcheck"."platforms.linux-amd64-musl"]
url = "https://github.com/koalaman/shellcheck/releases/download/v0.11.0/shellcheck-v0.11.0.linux.x86_64.tar.gz"

[tools."github:koalaman/shellcheck"."platforms.linux-arm64"]
url = "https://github.com/koalaman/shellcheck/releases/download/v0.11.0/shellcheck-v0.11.0.linux.aarch64.tar.gz"

[tools."github:koalaman/shellcheck"."platforms.linux-arm64-musl"]
url = "https://github.com/koalaman/shellcheck/releases/download/v0.11.0/shellcheck-v0.11.0.linux.aarch64.tar.gz"

[tools."github:koalaman/shellcheck"."platforms.macos-amd64"]
url = "https://github.com/koalaman/shellcheck/releases/download/v0.11.0/shellcheck-v0.11.0.darwin.x86_64.tar.gz"

[tools."github:koalaman/shellcheck"."platforms.macos-arm64"]
url = "https://github.com/koalaman/shellcheck/releases/download/v0.11.0/shellcheck-v0.11.0.darwin.aarch64.tar.gz"

[tools."github:koalaman/shellcheck"."platforms.windows-amd64"]
url = "https://github.com/koalaman/shellcheck/releases/download/v0.11.0/shellcheck-v0.11.0.zip"

[[tools."github:rhysd/actionlint"]]
version = "1.7.12"
backend = "github"

[tools."github:rhysd/actionlint"."platforms.linux-amd64"]
checksum = "sha256:8aca8db96f1b94770f1b0d72b6dddcb1ebb8123cb3712530b08cc387b349a3d8"
url = "https://github.com/rhysd/actionlint/releases/download/v1.7.12/actionlint_1.7.12_linux_amd64.tar.gz"

[tools."github:rhysd/actionlint"."platforms.linux-amd64-musl"]
checksum = "sha256:8aca8db96f1b94770f1b0d72b6dddcb1ebb8123cb3712530b08cc387b349a3d8"
url = "https://github.com/rhysd/actionlint/releases/download/v1.7.12/actionlint_1.7.12_linux_amd64.tar.gz"

[tools."github:rhysd/actionlint"."platforms.linux-arm64"]
checksum = "sha256:325e971b6ba9bfa504672e29be93c24981eeb1c07576d730e9f7c8805afff0c6"
url = "https://github.com/rhysd/actionlint/releases/download/v1.7.12/actionlint_1.7.12_linux_arm64.tar.gz"

[tools."github:rhysd/actionlint"."platforms.linux-arm64-musl"]
checksum = "sha256:325e971b6ba9bfa504672e29be93c24981eeb1c07576d730e9f7c8805afff0c6"
url = "https://github.com/rhysd/actionlint/releases/download/v1.7.12/actionlint_1.7.12_linux_arm64.tar.gz"

[tools."github:rhysd/actionlint"."platforms.macos-amd64"]
checksum = "sha256:5b44c3bc2255115c9b69e30efc0fecdf498fdb63c5d58e17084fd5f16324c644"
url = "https://github.com/rhysd/actionlint/releases/download/v1.7.12/actionlint_1.7.12_darwin_amd64.tar.gz"

[tools."github:rhysd/actionlint"."platforms.macos-arm64"]
checksum = "sha256:aba9ced2dee8d27fecca3dc7feb1a7f9a52caefa1eb46f3271ea66b6e0e6953f"
url = "https://github.com/rhysd/actionlint/releases/download/v1.7.12/actionlint_1.7.12_darwin_arm64.tar.gz"

[tools."github:rhysd/actionlint"."platforms.windows-amd64"]
checksum = "sha256:6e7241b51e6817ea6a047693d8e6fed13b31819c9a0dd6c5a726e1592d22f6e9"
url = "https://github.com/rhysd/actionlint/releases/download/v1.7.12/actionlint_1.7.12_windows_amd64.zip"

[tools."github:rhysd/actionlint"."platforms.windows-arm64"]
checksum = "sha256:cadcf7ea4efe3a68728893813643cebe1185e5b1d4be5b96245f65c9a4d5ea41"
url = "https://github.com/rhysd/actionlint/releases/download/v1.7.12/actionlint_1.7.12_windows_arm64.zip"

[[tools."github:zizmorcore/zizmor"]]
version = "1.25.2"
backend = "github"

[tools."github:zizmorcore/zizmor"."platforms.linux-amd64"]
url = "https://github.com/zizmorcore/zizmor/releases/download/v1.25.2/zizmor-x86_64-unknown-linux-gnu.tar.gz"

[tools."github:zizmorcore/zizmor"."platforms.linux-amd64-musl"]
url = "https://github.com/zizmorcore/zizmor/releases/download/v1.25.2/zizmor-x86_64-unknown-linux-gnu.tar.gz"

[tools."github:zizmorcore/zizmor"."platforms.linux-arm64"]
url = "https://github.com/zizmorcore/zizmor/releases/download/v1.25.2/zizmor-aarch64-unknown-linux-gnu.tar.gz"

[tools."github:zizmorcore/zizmor"."platforms.linux-arm64-musl"]
url = "https://github.com/zizmorcore/zizmor/releases/download/v1.25.2/zizmor-aarch64-unknown-linux-gnu.tar.gz"

[tools."github:zizmorcore/zizmor"."platforms.macos-amd64"]
url = "https://github.com/zizmorcore/zizmor/releases/download/v1.25.2/zizmor-x86_64-apple-darwin.tar.gz"

[tools."github:zizmorcore/zizmor"."platforms.macos-arm64"]
url = "https://github.com/zizmorcore/zizmor/releases/download/v1.25.2/zizmor-aarch64-apple-darwin.tar.gz"

[tools."github:zizmorcore/zizmor"."platforms.windows-amd64"]
url = "https://github.com/zizmorcore/zizmor/releases/download/v1.25.2/zizmor-x86_64-pc-windows-msvc.zip"

[[tools."go"]]
version = "1.26.4"
backend = "native"

[tools."go"."platforms.linux-amd64"]
checksum = "sha256:1153d3d50e0ac764b447adfe05c2bcf08e889d42a02e0fe0259bd47f6733ad7f"
url = "https://golang.google.cn/dl/go1.26.4.linux-amd64.tar.gz"
gpg_key = "EB4C1BF148A2C440F831EE8752D905A67D74191C"

[tools."go"."platforms.linux-amd64-musl"]
checksum = "sha256:1153d3d50e0ac764b447adfe05c2bcf08e889d42a02e0fe0259bd47f6733ad7f"
url = "https://golang.google.cn/dl/go1.26.4.linux-amd64.tar.gz"
gpg_key = "EB4C1BF148A2C440F831EE8752D905A67D74191C"

[tools."go"."platforms.linux-arm64"]
checksum = "sha256:ef758ae7c6cf9267c9c0ef080b8965f453d89ab2d25d9eb22de4405925238768"
url = "https://golang.google.cn/dl/go1.26.4.linux-arm64.tar.gz"
gpg_key = "EB4C1BF148A2C440F831EE8752D905A67D74191C"

[tools."go"."platforms.linux-arm64-musl"]
checksum = "sha256:ef758ae7c6cf9267c9c0ef080b8965f453d89ab2d25d9eb22de4405925238768"
url = "https://golang.google.cn/dl/go1.26.4.linux-arm64.tar.gz"
gpg_key = "EB4C1BF148A2C440F831EE8752D905A67D74191C"

[tools."go"."platforms.macos-amd64"]
checksum = "sha256:05dc9b5f9997744520aaebb3d5deaa7c755371aebbfb7f97c2511a9f3367538d"
url = "https://golang.google.cn/dl/go1.26.4.darwin-amd64.tar.gz"
gpg_key = "EB4C1BF148A2C440F831EE8752D905A67D74191C"

[tools."go"."platforms.macos-arm64"]
checksum = "sha256:b62ad2b6d7d2464f12a5bcad7ff47f19d08325773b5efd21610e445a05a9bf53"
url = "https://golang.google.cn/dl/go1.26.4.darwin-arm64.tar.gz"
gpg_key = "EB4C1BF148A2C440F831EE8752D905A67D74191C"

[tools."go"."platforms.windows-amd64"]
checksum = "sha256:3ca8fb4630b07c419cbdd51f754e31363cfcfb83b3a5354d9e895c90be2cc345"
url = "https://golang.google.cn/dl/go1.26.4.windows-amd64.zip"
gpg_key = "EB4C1BF148A2C440F831EE8752D905A67D74191C"

[tools."go"."platforms.windows-arm64"]
checksum = "sha256:62247f56fb7d7b827d237152c4e3fcd69a24d0fa9430dc73dbda7593ae82bc8d"
url = "https://golang.google.cn/dl/go1.26.4.windows-arm64.zip"
gpg_key = "EB4C1BF148A2C440F831EE8752D905A67D74191C"

[[tools."go:github.com/golangci/golangci-lint/cmd/golangci-lint"]]
version = "v1.64.4"
backend = "go"

[tools."go:github.com/golangci/golangci-lint/cmd/golangci-lint"."platforms.linux-amd64"]

[tools."go:github.com/golangci/golangci-lint/cmd/golangci-lint"."platforms.linux-amd64-musl"]

[tools."go:github.com/golangci/golangci-lint/cmd/golangci-lint"."platforms.linux-arm64"]

[tools."go:github.com/golangci/golangci-lint/cmd/golangci-lint"."platforms.linux-arm64-musl"]

[tools."go:github.com/golangci/golangci-lint/cmd/golangci-lint"."platforms.macos-amd64"]

[tools."go:github.com/golangci/golangci-lint/cmd/golangci-lint"."platforms.macos-arm64"]

[tools."go:github.com/golangci/golangci-lint/cmd/golangci-lint"."platforms.windows-amd64"]

[tools."go:github.com/golangci/golangci-lint/cmd/golangci-lint"."platforms.windows-arm64"]

[[tools."go:github.com/securego/gosec/v2/cmd/gosec"]]
version = "v2.22.1"
backend = "go"

[tools."go:github.com/securego/gosec/v2/cmd/gosec"."platforms.linux-amd64"]

[tools."go:github.com/securego/gosec/v2/cmd/gosec"."platforms.linux-amd64-musl"]

[tools."go:github.com/securego/gosec/v2/cmd/gosec"."platforms.linux-arm64"]

[tools."go:github.com/securego/gosec/v2/cmd/gosec"."platforms.linux-arm64-musl"]

[tools."go:github.com/securego/gosec/v2/cmd/gosec"."platforms.macos-amd64"]

[tools."go:github.com/securego/gosec/v2/cmd/gosec"."platforms.macos-arm64"]

[tools."go:github.com/securego/gosec/v2/cmd/gosec"."platforms.windows-amd64"]

[tools."go:github.com/securego/gosec/v2/cmd/gosec"."platforms.windows-arm64"]

[[tools."go:golang.org/x/tools/cmd/goimports"]]
version = "v0.30.0"
backend = "go"

[tools."go:golang.org/x/tools/cmd/goimports"."platforms.linux-amd64"]

[tools."go:golang.org/x/tools/cmd/goimports"."platforms.linux-amd64-musl"]

[tools."go:golang.org/x/tools/cmd/goimports"."platforms.linux-arm64"]

[tools."go:golang.org/x/tools/cmd/goimports"."platforms.linux-arm64-musl"]

[tools."go:golang.org/x/tools/cmd/goimports"."platforms.macos-amd64"]

[tools."go:golang.org/x/tools/cmd/goimports"."platforms.macos-arm64"]

[tools."go:golang.org/x/tools/cmd/goimports"."platforms.windows-amd64"]

[tools."go:golang.org/x/tools/cmd/goimports"."platforms.windows-arm64"]

[[tools."go:golang.org/x/vuln/cmd/govulncheck"]]
version = "v1.1.4"
backend = "go"

[tools."go:golang.org/x/vuln/cmd/govulncheck"."platforms.linux-amd64"]

[tools."go:golang.org/x/vuln/cmd/govulncheck"."platforms.linux-amd64-musl"]

[tools."go:golang.org/x/vuln/cmd/govulncheck"."platforms.linux-arm64"]

[tools."go:golang.org/x/vuln/cmd/govulncheck"."platforms.linux-arm64-musl"]

[tools."go:golang.org/x/vuln/cmd/govulncheck"."platforms.macos-amd64"]

[tools."go:golang.org/x/vuln/cmd/govulncheck"."platforms.macos-arm64"]

[tools."go:golang.org/x/vuln/cmd/govulncheck"."platforms.windows-amd64"]

[tools."go:golang.org/x/vuln/cmd/govulncheck"."platforms.windows-arm64"]

[[tools."go:mvdan.cc/sh/v3/cmd/shfmt"]]
version = "v3.13.1"
backend = "go"

[tools."go:mvdan.cc/sh/v3/cmd/shfmt"."platforms.linux-amd64"]

[tools."go:mvdan.cc/sh/v3/cmd/shfmt"."platforms.linux-amd64-musl"]

[tools."go:mvdan.cc/sh/v3/cmd/shfmt"."platforms.linux-arm64"]

[tools."go:mvdan.cc/sh/v3/cmd/shfmt"."platforms.linux-arm64-musl"]

[tools."go:mvdan.cc/sh/v3/cmd/shfmt"."platforms.macos-amd64"]

[tools."go:mvdan.cc/sh/v3/cmd/shfmt"."platforms.macos-arm64"]

[tools."go:mvdan.cc/sh/v3/cmd/shfmt"."platforms.windows-amd64"]

[tools."go:mvdan.cc/sh/v3/cmd/shfmt"."platforms.windows-arm64"]

[[tools."node"]]
version = "26.3.0"
backend = "native"

[tools."node"."platforms.linux-amd64"]
url = "https://nodejs.org/dist/v26.3.0/node-v26.3.0-linux-x64.tar.gz"
gpg_key = "C4F0DFFF4E8C1A8236409D08E73BC641CC11F4C8"

[tools."node"."platforms.linux-amd64-musl"]
url = "https://nodejs.org/dist/v26.3.0/node-v26.3.0-linux-x64.tar.gz"
gpg_key = "C4F0DFFF4E8C1A8236409D08E73BC641CC11F4C8"

[tools."node"."platforms.linux-arm64"]
url = "https://nodejs.org/dist/v26.3.0/node-v26.3.0-linux-arm64.tar.gz"
gpg_key = "C4F0DFFF4E8C1A8236409D08E73BC641CC11F4C8"

[tools."node"."platforms.linux-arm64-musl"]
url = "https://nodejs.org/dist/v26.3.0/node-v26.3.0-linux-arm64.tar.gz"
gpg_key = "C4F0DFFF4E8C1A8236409D08E73BC641CC11F4C8"

[tools."node"."platforms.macos-amd64"]
url = "https://nodejs.org/dist/v26.3.0/node-v26.3.0-darwin-x64.tar.gz"
gpg_key = "C4F0DFFF4E8C1A8236409D08E73BC641CC11F4C8"

[tools."node"."platforms.macos-arm64"]
url = "https://nodejs.org/dist/v26.3.0/node-v26.3.0-darwin-arm64.tar.gz"
gpg_key = "C4F0DFFF4E8C1A8236409D08E73BC641CC11F4C8"

[tools."node"."platforms.windows-amd64"]
url = "https://nodejs.org/dist/v26.3.0/node-v26.3.0-win-x64.zip"
gpg_key = "C4F0DFFF4E8C1A8236409D08E73BC641CC11F4C8"

[tools."node"."platforms.windows-arm64"]
url = "https://nodejs.org/dist/v26.3.0/node-v26.3.0-win-arm64.zip"
gpg_key = "C4F0DFFF4E8C1A8236409D08E73BC641CC11F4C8"

[[tools."npm:@commitlint/cli"]]
version = "21.0.2"
backend = "npm"

[tools."npm:@commitlint/cli"."platforms.linux-amd64"]

[tools."npm:@commitlint/cli"."platforms.linux-amd64-musl"]

[tools."npm:@commitlint/cli"."platforms.linux-arm64"]

[tools."npm:@commitlint/cli"."platforms.linux-arm64-musl"]

[tools."npm:@commitlint/cli"."platforms.macos-amd64"]

[tools."npm:@commitlint/cli"."platforms.macos-arm64"]

[tools."npm:@commitlint/cli"."platforms.windows-amd64"]

[tools."npm:@commitlint/cli"."platforms.windows-arm64"]

[[tools."npm:@commitlint/config-conventional"]]
version = "21.0.2"
backend = "npm"

[tools."npm:@commitlint/config-conventional"."platforms.linux-amd64"]

[tools."npm:@commitlint/config-conventional"."platforms.linux-amd64-musl"]

[tools."npm:@commitlint/config-conventional"."platforms.linux-arm64"]

[tools."npm:@commitlint/config-conventional"."platforms.linux-arm64-musl"]

[tools."npm:@commitlint/config-conventional"."platforms.macos-amd64"]

[tools."npm:@commitlint/config-conventional"."platforms.macos-arm64"]

[tools."npm:@commitlint/config-conventional"."platforms.windows-amd64"]

[tools."npm:@commitlint/config-conventional"."platforms.windows-arm64"]

[[tools."npm:@taplo/cli"]]
version = "0.7.0"
backend = "npm"

[tools."npm:@taplo/cli"."platforms.linux-amd64"]

[tools."npm:@taplo/cli"."platforms.linux-amd64-musl"]

[tools."npm:@taplo/cli"."platforms.linux-arm64"]

[tools."npm:@taplo/cli"."platforms.linux-arm64-musl"]

[tools."npm:@taplo/cli"."platforms.macos-amd64"]

[tools."npm:@taplo/cli"."platforms.macos-arm64"]

[tools."npm:@taplo/cli"."platforms.windows-amd64"]

[tools."npm:@taplo/cli"."platforms.windows-arm64"]

[[tools."npm:bats"]]
version = "1.13.0"
backend = "npm"

[tools."npm:bats"."platforms.linux-amd64"]

[tools."npm:bats"."platforms.linux-amd64-musl"]

[tools."npm:bats"."platforms.linux-arm64"]

[tools."npm:bats"."platforms.linux-arm64-musl"]

[tools."npm:bats"."platforms.macos-amd64"]

[tools."npm:bats"."platforms.macos-arm64"]

[tools."npm:bats"."platforms.windows-amd64"]

[tools."npm:bats"."platforms.windows-arm64"]

[[tools."npm:commitizen"]]
version = "4.3.1"
backend = "npm"

[tools."npm:commitizen"."platforms.linux-amd64"]

[tools."npm:commitizen"."platforms.linux-amd64-musl"]

[tools."npm:commitizen"."platforms.linux-arm64"]

[tools."npm:commitizen"."platforms.linux-arm64-musl"]

[tools."npm:commitizen"."platforms.macos-amd64"]

[tools."npm:commitizen"."platforms.macos-arm64"]

[tools."npm:commitizen"."platforms.windows-amd64"]

[tools."npm:commitizen"."platforms.windows-arm64"]

[[tools."npm:cz-conventional-changelog"]]
version = "3.3.0"
backend = "npm"

[tools."npm:cz-conventional-changelog"."platforms.linux-amd64"]

[tools."npm:cz-conventional-changelog"."platforms.linux-amd64-musl"]

[tools."npm:cz-conventional-changelog"."platforms.linux-arm64"]

[tools."npm:cz-conventional-changelog"."platforms.linux-arm64-musl"]

[tools."npm:cz-conventional-changelog"."platforms.macos-amd64"]

[tools."npm:cz-conventional-changelog"."platforms.macos-arm64"]

[tools."npm:cz-conventional-changelog"."platforms.windows-amd64"]

[tools."npm:cz-conventional-changelog"."platforms.windows-arm64"]

[[tools."npm:dockerfile-utils"]]
version = "0.16.3"
backend = "npm"

[tools."npm:dockerfile-utils"."platforms.linux-amd64"]

[tools."npm:dockerfile-utils"."platforms.linux-amd64-musl"]

[tools."npm:dockerfile-utils"."platforms.linux-arm64"]

[tools."npm:dockerfile-utils"."platforms.linux-arm64-musl"]

[tools."npm:dockerfile-utils"."platforms.macos-amd64"]

[tools."npm:dockerfile-utils"."platforms.macos-arm64"]

[tools."npm:dockerfile-utils"."platforms.windows-amd64"]

[tools."npm:dockerfile-utils"."platforms.windows-arm64"]

[[tools."npm:eslint"]]
version = "10.4.1"
backend = "npm"

[tools."npm:eslint"."platforms.linux-amd64"]

[tools."npm:eslint"."platforms.linux-amd64-musl"]

[tools."npm:eslint"."platforms.linux-arm64"]

[tools."npm:eslint"."platforms.linux-arm64-musl"]

[tools."npm:eslint"."platforms.macos-amd64"]

[tools."npm:eslint"."platforms.macos-arm64"]

[tools."npm:eslint"."platforms.windows-amd64"]

[tools."npm:eslint"."platforms.windows-arm64"]

[[tools."npm:markdownlint-cli2"]]
version = "0.17.2"
backend = "npm"

[tools."npm:markdownlint-cli2"."platforms.linux-amd64"]

[tools."npm:markdownlint-cli2"."platforms.linux-amd64-musl"]

[tools."npm:markdownlint-cli2"."platforms.linux-arm64"]

[tools."npm:markdownlint-cli2"."platforms.linux-arm64-musl"]

[tools."npm:markdownlint-cli2"."platforms.macos-amd64"]

[tools."npm:markdownlint-cli2"."platforms.macos-arm64"]

[tools."npm:markdownlint-cli2"."platforms.windows-amd64"]

[tools."npm:markdownlint-cli2"."platforms.windows-arm64"]

[[tools."npm:prettier"]]
version = "3.8.3"
backend = "npm"

[tools."npm:prettier"."platforms.linux-amd64"]

[tools."npm:prettier"."platforms.linux-amd64-musl"]

[tools."npm:prettier"."platforms.linux-arm64"]

[tools."npm:prettier"."platforms.linux-arm64-musl"]

[tools."npm:prettier"."platforms.macos-amd64"]

[tools."npm:prettier"."platforms.macos-arm64"]

[tools."npm:prettier"."platforms.windows-amd64"]

[tools."npm:prettier"."platforms.windows-arm64"]

[[tools."npm:sort-package-json"]]
version = "4.0.0"
backend = "npm"

[tools."npm:sort-package-json"."platforms.linux-amd64"]

[tools."npm:sort-package-json"."platforms.linux-amd64-musl"]

[tools."npm:sort-package-json"."platforms.linux-arm64"]

[tools."npm:sort-package-json"."platforms.linux-arm64-musl"]

[tools."npm:sort-package-json"."platforms.macos-amd64"]

[tools."npm:sort-package-json"."platforms.macos-arm64"]

[tools."npm:sort-package-json"."platforms.windows-amd64"]

[tools."npm:sort-package-json"."platforms.windows-arm64"]

[[tools."npm:stylelint"]]
version = "17.12.0"
backend = "npm"

[tools."npm:stylelint"."platforms.linux-amd64"]

[tools."npm:stylelint"."platforms.linux-amd64-musl"]

[tools."npm:stylelint"."platforms.linux-arm64"]

[tools."npm:stylelint"."platforms.linux-arm64-musl"]

[tools."npm:stylelint"."platforms.macos-amd64"]

[tools."npm:stylelint"."platforms.macos-arm64"]

[tools."npm:stylelint"."platforms.windows-amd64"]

[tools."npm:stylelint"."platforms.windows-arm64"]

[[tools."pipx:clang-format"]]
version = "22.1.5"
backend = "pipx"

[tools."pipx:clang-format"."platforms.linux-amd64"]

[tools."pipx:clang-format"."platforms.linux-amd64-musl"]

[tools."pipx:clang-format"."platforms.linux-arm64"]

[tools."pipx:clang-format"."platforms.linux-arm64-musl"]

[tools."pipx:clang-format"."platforms.macos-amd64"]

[tools."pipx:clang-format"."platforms.macos-arm64"]

[tools."pipx:clang-format"."platforms.windows-amd64"]

[tools."pipx:clang-format"."platforms.windows-arm64"]

[[tools."pipx:pip-audit"]]
version = "2.10.0"
backend = "pipx"

[tools."pipx:pip-audit"."platforms.linux-amd64"]

[tools."pipx:pip-audit"."platforms.linux-amd64-musl"]

[tools."pipx:pip-audit"."platforms.linux-arm64"]

[tools."pipx:pip-audit"."platforms.linux-arm64-musl"]

[tools."pipx:pip-audit"."platforms.macos-amd64"]

[tools."pipx:pip-audit"."platforms.macos-arm64"]

[tools."pipx:pip-audit"."platforms.windows-amd64"]

[tools."pipx:pip-audit"."platforms.windows-arm64"]

[[tools."pipx:pre-commit"]]
version = "4.6.0"
backend = "pipx"

[tools."pipx:pre-commit"."platforms.linux-amd64"]

[tools."pipx:pre-commit"."platforms.linux-amd64-musl"]

[tools."pipx:pre-commit"."platforms.linux-arm64"]

[tools."pipx:pre-commit"."platforms.linux-arm64-musl"]

[tools."pipx:pre-commit"."platforms.macos-amd64"]

[tools."pipx:pre-commit"."platforms.macos-arm64"]

[tools."pipx:pre-commit"."platforms.windows-amd64"]

[tools."pipx:pre-commit"."platforms.windows-arm64"]

[[tools."pipx:yamllint"]]
version = "1.38.0"
backend = "pipx"

[tools."pipx:yamllint"."platforms.linux-amd64"]

[tools."pipx:yamllint"."platforms.linux-amd64-musl"]

[tools."pipx:yamllint"."platforms.linux-arm64"]

[tools."pipx:yamllint"."platforms.linux-arm64-musl"]

[tools."pipx:yamllint"."platforms.macos-amd64"]

[tools."pipx:yamllint"."platforms.macos-arm64"]

[tools."pipx:yamllint"."platforms.windows-amd64"]

[tools."pipx:yamllint"."platforms.windows-arm64"]

[[tools."python"]]
version = "3.14.5"
backend = "native"

[tools."python"."platforms.linux-amd64"]
url = "https://github.com/astral-sh/python-build-standalone/releases/download/20260602/cpython-3.14.5%2B20260602-x86_64-unknown-linux-gnu-debug-full.tar.zst"

[tools."python"."platforms.linux-amd64-musl"]
url = "https://github.com/astral-sh/python-build-standalone/releases/download/20260602/cpython-3.14.5%2B20260602-x86_64-unknown-linux-gnu-debug-full.tar.zst"

[tools."python"."platforms.linux-arm64"]
url = "https://github.com/astral-sh/python-build-standalone/releases/download/20260602/cpython-3.14.5%2B20260602-aarch64-unknown-linux-gnu-debug-full.tar.zst"

[tools."python"."platforms.linux-arm64-musl"]
url = "https://github.com/astral-sh/python-build-standalone/releases/download/20260602/cpython-3.14.5%2B20260602-aarch64-unknown-linux-gnu-debug-full.tar.zst"

[tools."python"."platforms.macos-amd64"]
url = "https://github.com/astral-sh/python-build-standalone/releases/download/20260602/cpython-3.14.5%2B20260602-x86_64-apple-darwin-debug-full.tar.zst"

[tools."python"."platforms.macos-arm64"]
url = "https://github.com/astral-sh/python-build-standalone/releases/download/20260602/cpython-3.14.5%2B20260602-aarch64-apple-darwin-debug-full.tar.zst"

[tools."python"."platforms.windows-amd64"]
url = "https://github.com/astral-sh/python-build-standalone/releases/download/20260602/cpython-3.14.5%2B20260602-x86_64-pc-windows-msvc-freethreaded%2Bpgo-full.tar.zst"

[tools."python"."platforms.windows-arm64"]
url = "https://github.com/astral-sh/python-build-standalone/releases/download/20260602/cpython-3.14.5%2B20260602-aarch64-pc-windows-msvc-freethreaded%2Bpgo-full.tar.zst"
